{
    "_meta": {
        "hash": {
            "sha256": "fcbcd739856ac058ad4cdf53063fbe9ef2056ec394b58899600e43131868e511"
        },
        "pipfile-spec": 6,
        "requires": {
            "python_version": "3.13"
        },
        "sources": [
            {
                "name": "pypi",
                "url": "https://pypi.org/simple",
                "verify_ssl": true
            }
        ]
    },
    "default": {
        "cachetools": {
            "hashes": [
                "sha256:09868944b6dde876dfd44e1d47e18484541eaf12f26f29b7af91b26cc892d701",
                "sha256:3f391e4bd8f8bf0931169baf7456cc822705f4e2a31f840d218f445b9a854201"
            ],
            "markers": "python_version >= '3.9'",
            "version": "==6.2.1"
        },
        "certifi": {
            "hashes": [
                "sha256:0f212c2744a9bb6de0c56639a6f68afe01ecd92d91f14ae897c4fe7bbeeef0de",
                "sha256:47c09d31ccf2acf0be3f701ea53595ee7e0b8fa08801c6624be771df09ae7b43"
            ],
            "markers": "python_version >= '3.7'",
            "version": "==2025.10.5"
        },
        "charset-normalizer": {
            "hashes": [
                "sha256:027f6de494925c0ab2a55eab46ae5129951638a49a34d87f4c3eda90f696b4ad",
                "sha256:077fbb858e903c73f6c9db43374fd213b0b6a778106bc7032446a8e8b5b38b93",
                "sha256:0a98e6759f854bd25a58a73fa88833fba3b7c491169f86ce1180c948ab3fd394",
                "sha256:0d3d8f15c07f86e9ff82319b3d9ef6f4bf907608f53fe9d92b28ea9ae3d1fd89",
                "sha256:0f04b14ffe5fdc8c4933862d8306109a2c51e0704acfa35d51598eb45a1e89fc",
                "sha256:11d694519d7f29d6cd09f6ac70028dba10f92f6cdd059096db198c283794ac86",
                "sha256:194f08cbb32dc406d6e1aea671a68be0823673db2832b38405deba2fb0d88f63",
                "sha256:1bee1e43c28aa63cb16e5c14e582580546b08e535299b8b6158a7c9c768a1f3d",
                "sha256:21d142cc6c0ec30d2efee5068ca36c128a30b0f2c53c1c07bd78cb6bc1d3be5f",
                "sha256:2437418e20515acec67d86e12bf70056a33abdacb5cb1655042f6538d6b085a8",
                "sha256:244bfb999c71b35de57821b8ea746b24e863398194a4014e4c76adc2bbdfeff0",
                "sha256:2677acec1a2f8ef614c6888b5b4ae4060cc184174a938ed4e8ef690e15d3e505",
                "sha256:277e970e750505ed74c832b4bf75dac7476262ee2a013f5574dd49075879e161",
                "sha256:2aaba3b0819274cc41757a1da876f810a3e4d7b6eb25699253a4effef9e8e4af",
                "sha256:2b7d8f6c26245217bd2ad053761201e9f9680f8ce52f0fcd8d0755aeae5b2152",
                "sha256:2c9d3c380143a1fedbff95a312aa798578371eb29da42106a29019368a475318",
                "sha256:3162d5d8ce1bb98dd51af660f2121c55d0fa541b46dff7bb9b9f86ea1d87de72",
                "sha256:31fd66405eaf47bb62e8cd575dc621c56c668f27d46a61d975a249930dd5e2a4",
                "sha256:362d61fd13843997c1c446760ef36f240cf81d3ebf74ac62652aebaf7838561e",
                "sha256:376bec83a63b8021bb5c8ea75e21c4ccb86e7e45ca4eb81146091b56599b80c3",
                "sha256:44c2a8734b333e0578090c4cd6b16f275e07aa6614ca8715e6c038e865e70576",
                "sha256:47cc91b2f4dd2833fddaedd2893006b0106129d4b94fdb6af1f4ce5a9965577c",
                "sha256:4902828217069c3c5c71094537a8e623f5d097858ac6ca8252f7b4d10b7560f1",
                "sha256:4bd5d4137d500351a30687c2d3971758aac9a19208fc110ccb9d7188fbe709e8",
                "sha256:4fe7859a4e3e8457458e2ff592f15ccb02f3da787fcd31e0183879c3ad4692a1",
                "sha256:542d2cee80be6f80247095cc36c418f7bddd14f4a6de45af91dfad36d817bba2",
                "sha256:554af85e960429cf30784dd47447d5125aaa3b99a6f0683589dbd27e2f45da44",
                "sha256:5833d2c39d8896e4e19b689ffc198f08ea58116bee26dea51e362ecc7cd3ed26",
                "sha256:5947809c8a2417be3267efc979c47d76a079758166f7d43ef5ae8e9f92751f88",
                "sha256:5ae497466c7901d54b639cf42d5b8c1b6a4fead55215500d2f486d34db48d016",
                "sha256:5bd2293095d766545ec1a8f612559f6b40abc0eb18bb2f5d1171872d34036ede",
                "sha256:5bfbb1b9acf3334612667b61bd3002196fe2a1eb4dd74d247e0f2a4d50ec9bbf",
                "sha256:5cb4d72eea50c8868f5288b7f7f33ed276118325c1dfd3957089f6b519e1382a",
                "sha256:5dbe56a36425d26d6cfb40ce79c314a2e4dd6211d51d6d2191c00bed34f354cc",
                "sha256:5f819d5fe9234f9f82d75bdfa9aef3a3d72c4d24a6e57aeaebba32a704553aa0",
                "sha256:64b55f9dce520635f018f907ff1b0df1fdc31f2795a922fb49dd14fbcdf48c84",
                "sha256:6515f3182dbe4ea06ced2d9e8666d97b46ef4c75e326b79bb624110f122551db",
                "sha256:65e2befcd84bc6f37095f5961e68a6f077bf44946771354a28ad434c2cce0ae1",
                "sha256:6aee717dcfead04c6eb1ce3bd29ac1e22663cdea57f943c87d1eab9a025438d7",
                "sha256:6b39f987ae8ccdf0d2642338faf2abb1862340facc796048b604ef14919e55ed",
                "sha256:6e1fcf0720908f200cd21aa4e6750a48ff6ce4afe7ff5a79a90d5ed8a08296f8",
                "sha256:74018750915ee7ad843a774364e13a3db91682f26142baddf775342c3f5b1133",
                "sha256:74664978bb272435107de04e36db5a9735e78232b85b77d45cfb38f758efd33e",
                "sha256:74bb723680f9f7a6234dcf67aea57e708ec1fbdf5699fb91dfd6f511b0a320ef",
                "sha256:752944c7ffbfdd10c074dc58ec2d5a8a4cd9493b314d367c14d24c17684ddd14",
                "sha256:778d2e08eda00f4256d7f672ca9fef386071c9202f5e4607920b86d7803387f2",
                "sha256:780236ac706e66881f3b7f2f32dfe90507a09e67d1d454c762cf642e6e1586e0",
                "sha256:798d75d81754988d2565bff1b97ba5a44411867c0cf32b77a7e8f8d84796b10d",
                "sha256:799a7a5e4fb2d5898c60b640fd4981d6a25f1c11790935a44ce38c54e985f828",
                "sha256:7a32c560861a02ff789ad905a2fe94e3f840803362c84fecf1851cb4cf3dc37f",
                "sha256:7c308f7e26e4363d79df40ca5b2be1c6ba9f02bdbccfed5abddb7859a6ce72cf",
                "sha256:7fa17817dc5625de8a027cb8b26d9fefa3ea28c8253929b8d6649e705d2835b6",
                "sha256:81d5eb2a312700f4ecaa977a8235b634ce853200e828fbadf3a9c50bab278328",
                "sha256:82004af6c302b5d3ab2cfc4cc5f29db16123b1a8417f2e25f9066f91d4411090",
                "sha256:837c2ce8c5a65a2035be9b3569c684358dfbf109fd3b6969630a87535495ceaa",
                "sha256:840c25fb618a231545cbab0564a799f101b63b9901f2569faecd6b222ac72381",
                "sha256:8a6562c3700cce886c5be75ade4a5db4214fda19fede41d9792d100288d8f94c",
                "sha256:8af65f14dc14a79b924524b1e7fffe304517b2bff5a58bf64f30b98bbc5079eb",
                "sha256:8ef3c867360f88ac904fd3f5e1f902f13307af9052646963ee08ff4f131adafc",
                "sha256:94537985111c35f28720e43603b8e7b43a6ecfb2ce1d3058bbe955b73404e21a",
                "sha256:99ae2cffebb06e6c22bdc25801d7b30f503cc87dbd283479e7b606f70aff57ec",
                "sha256:9a26f18905b8dd5d685d6d07b0cdf98a79f3c7a918906af7cc143ea2e164c8bc",
                "sha256:9b35f4c90079ff2e2edc5b26c0c77925e5d2d255c42c74fdb70fb49b172726ac",
                "sha256:9cd98cdc06614a2f768d2b7286d66805f94c48cde050acdbbb7db2600ab3197e",
                "sha256:9d1bb833febdff5c8927f922386db610b49db6e0d4f4ee29601d71e7c2694313",
                "sha256:9f7fcd74d410a36883701fafa2482a6af2ff5ba96b9a620e9e0721e28ead5569",
                "sha256:a59cb51917aa591b1c4e6a43c132f0cdc3c76dbad6155df4e28ee626cc77a0a3",
                "sha256:a61900df84c667873b292c3de315a786dd8dac506704dea57bc957bd31e22c7d",
                "sha256:a79cfe37875f822425b89a82333404539ae63dbdddf97f84dcbc3d339aae9525",
                "sha256:a8a8b89589086a25749f471e6a900d3f662d1d3b6e2e59dcecf787b1cc3a1894",
                "sha256:a8bf8d0f749c5757af2142fe7903a9df1d2e8aa3841559b2bad34b08d0e2bcf3",
                "sha256:a9768c477b9d7bd54bc0c86dbaebdec6f03306675526c9927c0e8a04e8f94af9",
                "sha256:ac1c4a689edcc530fc9d9aa11f5774b9e2f33f9a0c6a57864e90908f5208d30a",
                "sha256:af2d8c67d8e573d6de5bc30cdb27e9b95e49115cd9baad5ddbd1a6207aaa82a9",
                "sha256:b435cba5f4f750aa6c0a0d92c541fb79f69a387c91e61f1795227e4ed9cece14",
                "sha256:b5b290ccc2a263e8d185130284f8501e3e36c5e02750fc6b6bdeb2e9e96f1e25",
                "sha256:b5d84d37db046c5ca74ee7bb47dd6cbc13f80665fdde3e8040bdd3fb015ecb50",
                "sha256:b7cf1017d601aa35e6bb650b6ad28652c9cd78ee6caff19f3c28d03e1c80acbf",
                "sha256:bc7637e2f80d8530ee4a78e878bce464f70087ce73cf7c1caf142416923b98f1",
                "sha256:c0463276121fdee9c49b98908b3a89c39be45d86d1dbaa22957e38f6321d4ce3",
                "sha256:c4ef880e27901b6cc782f1b95f82da9313c0eb95c3af699103088fa0ac3ce9ac",
                "sha256:c8ae8a0f02f57a6e61203a31428fa1d677cbe50c93622b4149d5c0f319c1d19e",
                "sha256:ca5862d5b3928c4940729dacc329aa9102900382fea192fc5e52eb69d6093815",
                "sha256:cb01158d8b88ee68f15949894ccc6712278243d95f344770fa7593fa2d94410c",
                "sha256:cb6254dc36b47a990e59e1068afacdcd02958bdcce30bb50cc1700a8b9d624a6",
                "sha256:cc00f04ed596e9dc0da42ed17ac5e596c6ccba999ba6bd92b0e0aef2f170f2d6",
                "sha256:cd09d08005f958f370f539f186d10aec3377d55b9eeb0d796025d4886119d76e",
                "sha256:cd4b7ca9984e5e7985c12bc60a6f173f3c958eae74f3ef6624bb6b26e2abbae4",
                "sha256:ce8a0633f41a967713a59c4139d29110c07e826d131a316b50ce11b1d79b4f84",
                "sha256:cead0978fc57397645f12578bfd2d5ea9138ea0fac82b2f63f7f7c6877986a69",
                "sha256:d055ec1e26e441f6187acf818b73564e6e6282709e9bcb5b63f5b23068356a15",
                "sha256:d1f13550535ad8cff21b8d757a3257963e951d96e20ec82ab44bc64aeb62a191",
                "sha256:d9c7f57c3d666a53421049053eaacdd14bbd0a528e2186fcb2e672effd053bb0",
                "sha256:d9e45d7faa48ee908174d8fe84854479ef838fc6a705c9315372eacbc2f02897",
                "sha256:da3326d9e65ef63a817ecbcc0df6e94463713b754fe293eaa03da99befb9a5bd",
                "sha256:de00632ca48df9daf77a2c65a484531649261ec9f25489917f09e455cb09ddb2",
                "sha256:e1f185f86a6f3403aa2420e815904c67b2f9ebc443f045edd0de921108345794",
                "sha256:e824f1492727fa856dd6eda4f7cee25f8518a12f3c4a56a74e8095695089cf6d",
                "sha256:e912091979546adf63357d7e2ccff9b44f026c075aeaf25a52d0e95ad2281074",
                "sha256:eaabd426fe94daf8fd157c32e571c85cb12e66692f15516a83a03264b08d06c3",
                "sha256:ebf3e58c7ec8a8bed6d66a75d7fb37b55e5015b03ceae72a8e7c74495551e224",
                "sha256:ecaae4149d99b1c9e7b88bb03e3221956f68fd6d50be2ef061b2381b61d20838",
                "sha256:eecbc200c7fd5ddb9a7f16c7decb07b566c29fa2161a16cf67b8d068bd21690a",
                "sha256:f155a433c2ec037d4e8df17d18922c3a0d9b3232a396690f17175d2946f0218d",
                "sha256:f1e34719c6ed0b92f418c7c780480b26b5d9c50349e9a9af7d76bf757530350d",
                "sha256:f34be2938726fc13801220747472850852fe6b1ea75869a048d6f896838c896f",
                "sha256:f820802628d2694cb7e56db99213f930856014862f3fd943d290ea8438d07ca8",
                "sha256:f8bf04158c6b607d747e93949aa60618b61312fe647a6369f88ce2ff16043490",
                "sha256:f8e160feb2aed042cd657a72acc0b481212ed28b1b9a95c0cee1621b524e1966",
                "sha256:f9d332f8c2a2fcbffe1378594431458ddbef721c1769d78e2cbc06280d8155f9",
                "sha256:fa09f53c465e532f4d3db095e0c55b615f010ad81803d383195b6b5ca6cbf5f3",
                "sha256:faa3a41b2b66b6e50f84ae4a68c64fcd0c44355741c6374813a800cd6695db9e",
                "sha256:fd44c878ea55ba351104cb93cc85e74916eb8fa440ca7903e57575e97394f608"
            ],
            "markers": "python_version >= '3.7'",
            "version": "==3.4.4"
        },
        "environs": {
            "hashes": [
                "sha256:22669a58d53c5b86a25d0231c4a41a6ebeb82d3942b8fbd9cf645890c92a1843",
                "sha256:2b6c78a77dfefb57ca30d43a232270ecc82adabf67ab318e018084b9a3529e9b"
            ],
            "index": "pypi",
            "markers": "python_version >= '3.9'",
            "version": "==14.2.0"
        },
        "facebook-sdk": {
            "hashes": [
                "sha256:2e987b3e0f466a6f4ee77b935eb023dba1384134f004a2af21f1cfff7fe0806e",
                "sha256:cabcd2e69ea3d9f042919c99b353df7aa1e2be86d040121f6e9f5e63c1cf0f8d"
            ],
            "index": "pypi",
            "version": "==3.1.0"
        },
        "google-api-core": {
            "extras": [
                "grpc"
            ],
            "hashes": [
                "sha256:779a380db4e21a4ee3d717cf8efbf324e53900bf37e1ffb273e5348a9916dd42",
                "sha256:d32e2f5dd0517e91037169e75bf0a9783b255aff1d11730517c0b2b29e9db06a"
            ],
            "markers": "python_version >= '3.7'",
            "version": "==2.27.0"
        },
        "google-api-python-client": {
            "hashes": [
                "sha256:16a8e81c772dd116f5c4ee47d83643149e1367dc8fb4f47cb471fbcb5c7d7ac7",
                "sha256:b537bc689758f4be3e6f40d59a6c0cd305abafdea91af4bc66ec31d40c08c804"
            ],
            "index": "pypi",
            "markers": "python_version >= '3.7'",
            "version": "==2.173.0"
        },
        "google-auth": {
            "hashes": [
                "sha256:754843be95575b9a19c604a848a41be03f7f2afd8c019f716dc1f51ee41c639d",
                "sha256:b76b7b1f9e61f0cb7e88870d14f6a94aeef248959ef6992670efee37709cbfd2"
            ],
            "markers": "python_version >= '3.7'",
            "version": "==2.41.1"
        },
        "google-auth-httplib2": {
            "hashes": [
                "sha256:38aa7badf48f974f1eb9861794e9c0cb2a0511a4ec0679b1f886d108f5640e05",
                "sha256:b65a0a2123300dd71281a7bf6e64d65a0759287df52729bdd1ae2e47dc311a3d"
            ],
            "index": "pypi",
            "version": "==0.2.0"
        },
        "google-auth-oauthlib": {
            "hashes": [
                "sha256:11046fb8d3348b296302dd939ace8af0a724042e8029c1b872d87fabc9f41684",
                "sha256:fd619506f4b3908b5df17b65f39ca8d66ea56986e5472eb5978fd8f3786f00a2"
            ],
            "index": "pypi",
            "markers": "python_version >= '3.6'",
            "version": "==1.2.2"
        },
        "google-cloud-core": {
            "hashes": [
                "sha256:1fab62d7102844b278fe6dead3af32408b1df3eb06f5c7e8634cbd40edc4da53",
                "sha256:5130f9f4c14b4fafdff75c79448f9495cfade0d8775facf1b09c3bf67e027f6e"
            ],
            "markers": "python_version >= '3.7'",
            "version": "==2.4.3"
        },
        "google-cloud-storage": {
            "hashes": [
                "sha256:944273179897c7c8a07ee15f2e6466a02da0c7c4b9ecceac2a26017cb2972049",
                "sha256:eaf36966b68660a9633f03b067e4a10ce09f1377cae3ff9f2c699f69a81c66c6"
            ],
            "index": "pypi",
            "markers": "python_version >= '3.7'",
            "version": "==3.1.0"
        },
        "google-cloud-translate": {
            "hashes": [
                "sha256:c9a0e52b8546f0096406289f6be741f90ea41a14c05a98e96d292bfef1ac7e73",
                "sha256:d2373212c13442ddbcf5cfcac857671258cc2239489afdf5b9c1ebf587b4e4aa"
            ],
            "index": "pypi",
            "markers": "python_version >= '3.7'",
            "version": "==3.22.0"
        },
        "google-cloud-vision": {
            "hashes": [
                "sha256:42a17fbc2219b0a88e325e2c1df6664a8dafcbae66363fb37ebcb511b018fc87",
                "sha256:649380faab8933440b632bf88072c0c382a08d49ab02bc0b4fba821882ae1765"
            ],
            "index": "pypi",
            "markers": "python_version >= '3.7'",
            "version": "==3.10.2"
        },
        "google-crc32c": {
            "hashes": [
                "sha256:05e2d8c9a2f853ff116db9706b4a27350587f341eda835f46db3c0a8c8ce2f24",
                "sha256:18e311c64008f1f1379158158bb3f0c8d72635b9eb4f9545f8cf990c5668e59d",
                "sha256:236c87a46cdf06384f614e9092b82c05f81bd34b80248021f729396a78e55d7e",
                "sha256:35834855408429cecf495cac67ccbab802de269e948e27478b1e47dfb6465e57",
                "sha256:386122eeaaa76951a8196310432c5b0ef3b53590ef4c317ec7588ec554fec5d2",
                "sha256:40b05ab32a5067525670880eb5d169529089a26fe35dce8891127aeddc1950e8",
                "sha256:48abd62ca76a2cbe034542ed1b6aee851b6f28aaca4e6551b5599b6f3ef175cc",
                "sha256:50cf2a96da226dcbff8671233ecf37bf6e95de98b2a2ebadbfdf455e6d05df42",
                "sha256:51c4f54dd8c6dfeb58d1df5e4f7f97df8abf17a36626a217f169893d1d7f3e9f",
                "sha256:5bcc90b34df28a4b38653c36bb5ada35671ad105c99cfe915fb5bed7ad6924aa",
                "sha256:62f6d4a29fea082ac4a3c9be5e415218255cf11684ac6ef5488eea0c9132689b",
                "sha256:6eceb6ad197656a1ff49ebfbbfa870678c75be4344feb35ac1edf694309413dc",
                "sha256:7aec8e88a3583515f9e0957fe4f5f6d8d4997e36d0f61624e70469771584c760",
                "sha256:91ca8145b060679ec9176e6de4f89b07363d6805bd4760631ef254905503598d",
                "sha256:a184243544811e4a50d345838a883733461e67578959ac59964e43cca2c791e7",
                "sha256:a9e4b426c3702f3cd23b933436487eb34e01e00327fac20c9aebb68ccf34117d",
                "sha256:bb0966e1c50d0ef5bc743312cc730b533491d60585a9a08f897274e57c3f70e0",
                "sha256:bb8b3c75bd157010459b15222c3fd30577042a7060e29d42dabce449c087f2b3",
                "sha256:bd5e7d2445d1a958c266bfa5d04c39932dc54093fa391736dbfdb0f1929c1fb3",
                "sha256:c87d98c7c4a69066fd31701c4e10d178a648c2cac3452e62c6b24dc51f9fcc00",
                "sha256:d2952396dc604544ea7476b33fe87faedc24d666fb0c2d5ac971a2b9576ab871",
                "sha256:d8797406499f28b5ef791f339594b0b5fdedf54e203b5066675c406ba69d705c",
                "sha256:d9e9913f7bd69e093b81da4535ce27af842e7bf371cde42d1ae9e9bd382dc0e9",
                "sha256:e2806553238cd076f0a55bddab37a532b53580e699ed8e5606d0de1f856b5205",
                "sha256:ebab974b1687509e5c973b5c4b8b146683e101e102e17a86bd196ecaa4d099fc",
                "sha256:ed767bf4ba90104c1216b68111613f0d5926fb3780660ea1198fc469af410e9d",
                "sha256:f7a1fc29803712f80879b0806cb83ab24ce62fc8daf0569f2204a0cfd7f68ed4"
            ],
            "markers": "python_version >= '3.9'",
            "version": "==1.6.0"
        },
        "google-resumable-media": {
            "hashes": [
                "sha256:3ce7551e9fe6d99e9a126101d2536612bb73486721951e9562fee0f90c6ababa",
                "sha256:5280aed4629f2b60b847b0d42f9857fd4935c11af266744df33d8074cae92fe0"
            ],
            "markers": "python_version >= '3.7'",
            "version": "==2.7.2"
        },
        "googleapis-common-protos": {
            "extras": [
                "grpc"
            ],
            "hashes": [
                "sha256:1aec01e574e29da63c80ba9f7bbf1ccfaacf1da877f23609fe236ca7c72a2e2e",
                "sha256:59034a1d849dc4d18971997a72ac56246570afdd17f9369a0ff68218d50ab78c"
            ],
            "markers": "python_version >= '3.7'",
            "version": "==1.71.0"
        },
        "grpc-google-iam-v1": {
            "hashes": [
                "sha256:7a7f697e017a067206a3dfef44e4c634a34d3dee135fe7d7a4613fe3e59217e6",
                "sha256:879ac4ef33136c5491a6300e27575a9ec760f6cdf9a2518798c1b8977a5dc389"
            ],
            "markers": "python_version >= '3.7'",
            "version": "==0.14.3"
        },
        "grpcio": {
            "hashes": [
                "sha256:035d90bc79eaa4bed83f524331d55e35820725c9fbb00ffa1904d5550ed7ede3",
                "sha256:04bbe1bfe3a68bbfd4e52402ab7d4eb59d72d02647ae2042204326cf4bbad280",
                "sha256:063065249d9e7e0782d03d2bca50787f53bd0fb89a67de9a7b521c4a01f1989b",
                "sha256:06c3d6b076e7b593905d04fdba6a0525711b3466f43b3400266f04ff735de0cd",
                "sha256:08caea849a9d3c71a542827d6df9d5a69067b0a1efbea8a855633ff5d9571465",
                "sha256:0aaa82d0813fd4c8e589fac9b65d7dd88702555f702fb10417f96e2a2a6d4c0f",
                "sha256:0b7604868b38c1bfd5cf72d768aedd7db41d78cb6a4a18585e33fb0f9f2363fd",
                "sha256:0c37db8606c258e2ee0c56b78c62fc9dee0e901b5dbdcf816c2dd4ad652b8b0c",
                "sha256:1c9b93f79f48b03ada57ea24725d83a30284a012ec27eab2cf7e50a550cbbbcc",
                "sha256:2107b0c024d1b35f4083f11245c0e23846ae64d02f40b2b226684840260ed054",
                "sha256:2229ae655ec4e8999599469559e97630185fdd53ae1e8997d147b7c9b2b72cba",
                "sha256:25a18e9810fbc7e7f03ec2516addc116a957f8cbb8cbc95ccc80faa072743d03",
                "sha256:26ef06c73eb53267c2b319f43e6634c7556ea37672029241a056629af27c10e2",
                "sha256:2e1743fbd7f5fa713a1b0a8ac8ebabf0ec980b5d8809ec358d488e273b9cf02a",
                "sha256:32483fe2aab2c3794101c2a159070584e5db11d0aa091b2c0ea9c4fc43d0d749",
                "sha256:3bf0f392c0b806905ed174dcd8bdd5e418a40d5567a05615a030a5aeddea692d",
                "sha256:3e2a27c89eb9ac3d81ec8835e12414d73536c6e620355d65102503064a4ed6eb",
                "sha256:40ad3afe81676fd9ec6d9d406eda00933f218038433980aa19d401490e46ecde",
                "sha256:4215d3a102bd95e2e11b5395c78562967959824156af11fa93d18fdd18050990",
                "sha256:45d59a649a82df5718fd9527ce775fd66d1af35e6d31abdcdc906a49c6822958",
                "sha256:45e0111e73f43f735d70786557dc38141185072d7ff8dc1829d6a77ac1471468",
                "sha256:479496325ce554792dba6548fae3df31a72cef7bad71ca2e12b0e58f9b336bfc",
                "sha256:490fa6d203992c47c7b9e4a9d39003a0c2bcc1c9aa3c058730884bbbb0ee9f09",
                "sha256:49ce47231818806067aea3324d4bf13825b658ad662d3b25fada0bdad9b8a6af",
                "sha256:4baf3cbe2f0be3289eb68ac8ae771156971848bb8aaff60bad42005539431980",
                "sha256:522175aba7af9113c48ec10cc471b9b9bd4f6ceb36aeb4544a8e2c80ed9d252d",
                "sha256:5e8571632780e08526f118f74170ad8d50fb0a48c23a746bef2a6ebade3abd6f",
                "sha256:615ba64c208aaceb5ec83bfdce7728b80bfeb8be97562944836a7a0a9647d882",
                "sha256:61f69297cba3950a524f61c7c8ee12e55c486cb5f7db47ff9dcee33da6f0d3ae",
                "sha256:65a20de41e85648e00305c1bb09a3598f840422e522277641145a32d42dcefcc",
                "sha256:6a15c17af8839b6801d554263c546c69c4d7718ad4321e3166175b37eaacca77",
                "sha256:747fa73efa9b8b1488a95d0ba1039c8e2dca0f741612d80415b1e1c560febf4e",
                "sha256:7be78388d6da1a25c0d5ec506523db58b18be22d9c37d8d3a32c08be4987bd73",
                "sha256:81fd9652b37b36f16138611c7e884eb82e0cec137c40d3ef7c3f9b3ed00f6ed8",
                "sha256:83d57312a58dcfe2a3a0f9d1389b299438909a02db60e2f2ea2ae2d8034909d3",
                "sha256:8843114c0cfce61b40ad48df65abcfc00d4dba82eae8718fab5352390848c5da",
                "sha256:8cc3309d8e08fd79089e13ed4819d0af72aa935dd8f435a195fd152796752ff2",
                "sha256:8ebe63ee5f8fa4296b1b8cfc743f870d10e902ca18afc65c68cf46fd39bb0783",
                "sha256:8eddfb4d203a237da6f3cc8a540dad0517d274b5a1e9e636fd8d2c79b5c1d397",
                "sha256:922fa70ba549fce362d2e2871ab542082d66e2aaf0c19480ea453905b01f384e",
                "sha256:931091142fd8cc14edccc0845a79248bc155425eee9a98b2db2ea4f00a235a42",
                "sha256:971fd5a1d6e62e00d945423a567e42eb1fa678ba89072832185ca836a94daaa6",
                "sha256:980a846182ce88c4f2f7e2c22c56aefd515daeb36149d1c897f83cf57999e0b6",
                "sha256:9d9adda641db7207e800a7f089068f6f645959f2df27e870ee81d44701dd9db3",
                "sha256:9f8f757bebaaea112c00dba718fc0d3260052ce714e25804a03f93f5d1c6cc11",
                "sha256:a6ae758eb08088d36812dd5d9af7a9859c05b1e0f714470ea243694b49278e7b",
                "sha256:a8c2cf1209497cf659a667d7dea88985e834c24b7c3b605e6254cbb5076d985c",
                "sha256:acab0277c40eff7143c2323190ea57b9ee5fd353d8190ee9652369fae735668a",
                "sha256:b331680e46239e090f5b3cead313cc772f6caa7d0fc8de349337563125361a4a",
                "sha256:c088e7a90b6017307f423efbb9d1ba97a22aa2170876223f9709e9d1de0b5347",
                "sha256:d099566accf23d21037f18a2a63d323075bebace807742e4b0ac210971d4dd70",
                "sha256:d388087771c837cdb6515539f43b9d4bf0b0f23593a24054ac16f7a960be16f4",
                "sha256:dcfe41187da8992c5f40aa8c5ec086fa3672834d2be57a32384c08d5a05b4c00",
                "sha256:e6d1db20594d9daba22f90da738b1a0441a7427552cc6e2e3d1297aeddc00378",
                "sha256:ebea5cc3aa8ea72e04df9913492f9a96d9348db876f9dda3ad729cfedf7ac416",
                "sha256:ebebf83299b0cb1721a8859ea98f3a77811e35dce7609c5c963b9ad90728f886",
                "sha256:f0e34c2079d47ae9f6188211db9e777c619a21d4faba6977774e8fa43b085e48",
                "sha256:f92f88e6c033db65a5ae3d97905c8fea9c725b63e28d5a75cb73b49bda5024d8",
                "sha256:f9f7bd5faab55f47231ad8dba7787866b69f5e93bc306e3915606779bbfb4ba8",
                "sha256:fd5ef5932f6475c436c4a55e4336ebbe47bd3272be04964a03d316bbf4afbcbc",
                "sha256:ff8a59ea85a1f2191a0ffcc61298c571bc566332f82e5f5be1b83c9d8e668a62"
            ],
            "markers": "python_version >= '3.9'",
            "version": "==1.76.0"
        },
        "grpcio-status": {
            "hashes": [
                "sha256:25fcbfec74c15d1a1cb5da3fab8ee9672852dc16a5a9eeb5baf7d7a9952943cd",
                "sha256:380568794055a8efbbd8871162df92012e0228a5f6dffaf57f2a00c534103b18"
            ],
            "markers": "python_version >= '3.9'",
            "version": "==1.76.0"
        },
        "httplib2": {
            "hashes": [
                "sha256:14ae0a53c1ba8f3d37e9e27cf37eabb0fb9980f435ba405d546948b009dd64dc",
                "sha256:d7a10bc5ef5ab08322488bde8c726eeee5c8618723fdb399597ec58f3d82df81"
            ],
            "markers": "python_version >= '2.7' and python_version not in '3.0, 3.1, 3.2, 3.3'",
            "version": "==0.22.0"
        },
        "hupper": {
            "hashes": [
                "sha256:06bf54170ff4ecf4c84ad5f188dee3901173ab449c2608ad05b9bfd6b13e32eb",
                "sha256:e872b959f09d90be5fb615bd2e62de89a0b57efc037bdf9637fb09cdf8552b19"
            ],
            "markers": "python_version >= '3.7'",
            "version": "==1.12.1"
        },
        "idna": {
            "hashes": [
                "sha256:771a87f49d9defaf64091e6e6fe9c18d4833f140bd19464795bc32d966ca37ea",
                "sha256:795dafcc9c04ed0c1fb032c2aa73654d8e8c5023a7df64a53f39190ada629902"
            ],
            "markers": "python_version >= '3.8'",
            "version": "==3.11"
        },
        "legacy-cgi": {
            "hashes": [
                "sha256:9952471ceb304043b104c22d00b4f333cac27a6abe446d8a528fc437cf13c85f",
                "sha256:a7b83afb1baf6ebeb56522537c5943ef9813cf933f6715e88a803f7edbce0bff"
            ],
            "markers": "python_version >= '3.10'",
            "version": "==2.6.2"
        },
        "magickwand": {
            "hashes": [
                "sha256:4e981493667c9dcf1ac4131ac40f573da0881a9ade0827ee771a2c5606433df5",
                "sha256:bec1c462e7caea1c58b8fefae6b54e0420972bdb83d3eadab79e62cbed33262f",
                "sha256:d1e7a0621d628f8b2c6799f0edb5f17fb92b14d48a429281c2ed93f59208b8da"
            ],
            "index": "pypi",
            "version": "==0.2"
        },
        "marshmallow": {
            "hashes": [
                "sha256:3b6e80aac299a7935cfb97ed01d1854fb90b5079430969af92118ea1b12a8d55",
                "sha256:e7b0528337e9990fd64950f8a6b3a1baabed09ad17a0dfb844d701151f92d203"
            ],
            "markers": "python_version >= '3.9'",
            "version": "==4.0.0"
        },
        "oauthlib": {
            "hashes": [
                "sha256:8139f29aac13e25d502680e9e19963e83f16838d48a0d71c287fe40e7067fbca",
                "sha256:9859c40929662bec5d64f34d01c99e093149682a3f38915dc0655d5a633dd918"
            ],
            "markers": "python_version >= '3.6'",
            "version": "==3.2.2"
        },
        "packaging": {
            "hashes": [
                "sha256:09abb1bccd265c01f4a3aa3f7a7db064b36514d2cba19a2f694fe6150451a759",
                "sha256:c228a6dc5e932d346bc5739379109d49e8853dd8223571c7c5b55260edc0b97f"
            ],
            "markers": "python_version >= '3.8'",
            "version": "==24.2"
        },
        "pastedeploy": {
            "hashes": [
                "sha256:76388ad53a661448d436df28c798063108f70e994ddc749540d733cdbd1b38cf",
                "sha256:9ddbaf152f8095438a9fe81f82c78a6714b92ae8e066bed418b6a7ff6a095a95"
            ],
            "markers": "python_version >= '3.7'",
            "version": "==3.1.0"
        },
        "pillow": {
            "hashes": [
                "sha256:00162e9ca6d22b7c3ee8e61faa3c3253cd19b6a37f126cad04f2f88b306f557d",
                "sha256:079af2fb0c599c2ec144ba2c02766d1b55498e373b3ac64687e43849fbbef5bc",
                "sha256:0b022eaaf709541b391ee069f0022ee5b36c709df71986e3f7be312e46f42c84",
                "sha256:0c27407a2d1b96774cbc4a7594129cc027339fd800cd081e44497722ea1179de",
                "sha256:0ddedfaa8b5f0b4ffbc2fa87b556dc59f6bb4ecb14a53b33f9189713ae8053c0",
                "sha256:0deedf2ea233722476b3a81e8cdfbad786f7adbed5d848469fa59fe52396e4ef",
                "sha256:0ed07dca4a8464bada6139ab38f5382f83e5f111698caf3191cb8dbf27d908b4",
                "sha256:0fde7ec5538ab5095cc02df38ee99b0443ff0e1c847a045554cf5f9af1f4aa82",
                "sha256:15c794d74303828eaa957ff8070846d0efe8c630901a1c753fdc63850e19ecd9",
                "sha256:1a949604f73eb07a8adab38c4fe50791f9919344398bdc8ac6b307f755fc7030",
                "sha256:1f345e7bc9d7f368887c712aa5054558bad44d2a301ddf9248599f4161abc7c0",
                "sha256:1fcc52d86ce7a34fd17cb04e87cfdb164648a3662a6f20565910a99653d66c18",
                "sha256:21e686a21078b0f9cb8c8a961d99e6a4ddb88e0fc5ea6e130172ddddc2e5221a",
                "sha256:2415373395a831f53933c23ce051021e79c8cd7979822d8cc478547a3f4da8ef",
                "sha256:277518bf4fe74aa91489e1b20577473b19ee70fb97c374aa50830b279f25841b",
                "sha256:27b9baecb428899db6c0de572d6d305cfaf38ca1596b5c0542a5182e3e74e8c6",
                "sha256:29a4cef9cb672363926f0470afc516dbf7305a14d8c54f7abbb5c199cd8f8179",
                "sha256:3413c2ae377550f5487991d444428f1a8ae92784aac79caa8b1e3b89b175f77e",
                "sha256:351889afef0f485b84078ea40fe33727a0492b9af3904661b0abbafee0355b72",
                "sha256:3ffaa2f0659e2f740473bcf03c702c39a8d4b2b7ffc629052028764324842c64",
                "sha256:40a8e3b9e8773876d6e30daed22f016509e3987bab61b3b7fe309d7019a87451",
                "sha256:414b9a78e14ffeb98128863314e62c3f24b8a86081066625700b7985b3f529bd",
                "sha256:43aca0a55ce1eefc0aefa6253661cb54571857b1a7b2964bd8a1e3ef4b729924",
                "sha256:43b4899cfd091a9693a1278c4982f3e50f7fb7cff5153b05174b4afc9593b616",
                "sha256:461f9dfdafa394c59cd6d818bdfdbab4028b83b02caadaff0ffd433faf4c9a7a",
                "sha256:4f9f6a650743f0ddee5593ac9e954ba1bdbc5e150bc066586d4f26127853ab94",
                "sha256:53d8b764726d3af1a138dd353116f774e3862ec7e3794e0c8781e30db0f35dfc",
                "sha256:565c986f4b45c020f5421a4cea13ef294dde9509a8577f29b2fc5edc7587fff8",
                "sha256:5c5ae0a06e9ea030ab786b0251b32c7e4ce10e58d983c0d5c56029455180b5b9",
                "sha256:5cb7bc1966d031aec37ddb9dcf15c2da5b2e9f7cc3ca7c54473a20a927e1eb91",
                "sha256:5da841d81b1a05ef940a8567da92decaa15bc4d7dedb540a8c219ad83d91808a",
                "sha256:5fee4c04aad8932da9f8f710af2c1a15a83582cfb884152a9caa79d4efcdbf9c",
                "sha256:609e89d9f90b581c8d16358c9087df76024cf058fa693dd3e1e1620823f39670",
                "sha256:6258f3260986990ba2fa8a874f8b6e808cf5abb51a94015ca3dc3c68aa4f30ea",
                "sha256:64efdf00c09e31efd754448a383ea241f55a994fd079866b92d2bbff598aad91",
                "sha256:65b80c1ee7e14a87d6a068dd3b0aea268ffcabfe0498d38661b00c5b4b22e74c",
                "sha256:6741e6f3074a35e47c77b23a4e4f2d90db3ed905cb1c5e6e0d49bff2045632bc",
                "sha256:681088909d7e8fa9e31b9799aaa59ba5234c58e5e4f1951b4c4d1082a2e980e0",
                "sha256:6b7a9d1db5dad90e2991645874f708e87d9a3c370c243c2d7684d28f7e133e6b",
                "sha256:7315f9137087c4e0ee73a761b163fc9aa3b19f5f606a7fc08d83fd3e4379af65",
                "sha256:742aea052cf5ab5034a53c3846165bc3ce88d7c38e954120db0ab867ca242661",
                "sha256:75af0b4c229ac519b155028fa1be632d812a519abba9b46b20e50c6caa184f19",
                "sha256:7b5dd7cbae20285cdb597b10eb5a2c13aa9de6cde9bb64a3c1317427b1db1ae1",
                "sha256:7d6daa89a00b58c37cb1747ec9fb7ac3bc5ffd5949f5888657dfddde6d1312e0",
                "sha256:800429ac32c9b72909c671aaf17ecd13110f823ddb7db4dfef412a5587c2c24e",
                "sha256:806f3987ffe10e867bab0ddad45df1148a2b98221798457fa097ad85d6e8bc75",
                "sha256:808b99604f7873c800c4840f55ff389936ef1948e4e87645eaf3fccbc8477ac4",
                "sha256:80941e6d573197a0c28f394753de529bb436b1ca990ed6e765cf42426abc39f8",
                "sha256:84cabc7095dd535ca934d57e9ce2a72ffd216e435a84acb06b2277b1de2689bd",
                "sha256:8637e29d13f478bc4f153d8daa9ffb16455f0a6cb287da1b432fdad2bfbd66c7",
                "sha256:896866d2d436563fa2a43a9d72f417874f16b5545955c54a64941e87c1376c61",
                "sha256:8e178e3e99d3c0ea8fc64b88447f7cac8ccf058af422a6cedc690d0eadd98c51",
                "sha256:907bfa8a9cb790748a9aa4513e37c88c59660da3bcfffbd24a7d9e6abf224551",
                "sha256:9212d6b86917a2300669511ed094a9406888362e085f2431a7da985a6b124f45",
                "sha256:92a7fe4225365c5e3a8e598982269c6d6698d3e783b3b1ae979e7819f9cd55c1",
                "sha256:935b9d1aed48fcfb3f838caac506f38e29621b44ccc4f8a64d575cb1b2a88644",
                "sha256:97e9993d5ed946aba26baf9c1e8cf18adbab584b99f452ee72f7ee8acb882796",
                "sha256:983976c2ab753166dc66d36af6e8ec15bb511e4a25856e2227e5f7e00a160587",
                "sha256:9f5fefaca968e700ad1a4a9de98bf0869a94e397fe3524c4c9450c1445252304",
                "sha256:a332ac4ccb84b6dde65dbace8431f3af08874bf9770719d32a635c4ef411b18b",
                "sha256:a40905599d8079e09f25027423aed94f2823adaf2868940de991e53a449e14a8",
                "sha256:a6dfc2af5b082b635af6e08e0d1f9f1c4e04d17d4e2ca0ef96131e85eda6eb17",
                "sha256:a786bf667724d84aa29b5db1c61b7bfdde380202aaca12c3461afd6b71743171",
                "sha256:a83e0850cb8f5ac975291ebfc4170ba481f41a28065277f7f735c202cd8e0af3",
                "sha256:aa0c9cc0b82b14766a99fbe6084409972266e82f459821cd26997a488a7261a7",
                "sha256:b17fbdbe01c196e7e159aacb889e091f28e61020a8abeac07b68079b6e626988",
                "sha256:b63e13dd27da389ed9475b3d28510f0f954bca0041e8e551b2a4eb1eab56a39a",
                "sha256:b6e53e82ec2db0717eabb276aa56cf4e500c9a7cec2c2e189b55c24f65a3e8c0",
                "sha256:bb0984b30e973f7e2884362b7d23d0a348c7143ee559f38ef3eaab640144204c",
                "sha256:bc11908616c8a283cf7d664f77411a5ed2a02009b0097ff8abbba5e79128ccf2",
                "sha256:bdec5e43377761c5dbca620efb69a77f6855c5a379e32ac5b158f54c84212b14",
                "sha256:bef9768cab184e7ae6e559c032e95ba8d07b3023c289f79a2bd36e8bf85605a5",
                "sha256:c990547452ee2800d8506c4150280757f88532f3de2a58e3022e9b179107862a",
                "sha256:ca94b6aac0d7af2a10ba08c0f888b3d5114439b6b3ef39968378723622fed377",
                "sha256:cad302dc10fac357d3467a74a9561c90609768a6f73a1923b0fd851b6486f8b0",
                "sha256:d0a7735df32ccbcc98b98a1ac785cc4b19b580be1bdf0aeb5c03223220ea09d5",
                "sha256:d70347c8a5b7ccd803ec0c85c8709f036e6348f1e6a5bf048ecd9c64d3550b8b",
                "sha256:d70534cea9e7966169ad29a903b99fc507e932069a881d0965a1a84bb57f6c6d",
                "sha256:db44d5c160a90df2d24a24760bbd37607d53da0b34fb546c4c232af7192298ac",
                "sha256:e115c15e3bc727b1ca3e641a909f77f8ca72a64fff150f666fcc85e57701c26c",
                "sha256:e2479c7f02f9d505682dc47df8c0ea1fc5e264c4d1629a5d63fe3e2334b89554",
                "sha256:e5dcbe95016e88437ecf33544ba5db21ef1b8dd6e1b434a2cb2a3d605299e643",
                "sha256:e6bdb408f7c9dd2a5ff2b14a3b0bb6d4deb29fb9961e6eb3ae2031ae9a5cec13",
                "sha256:e75d3dba8fc1ddfec0cd752108f93b83b4f8d6ab40e524a95d35f016b9683b09",
                "sha256:efdc140e7b63b8f739d09a99033aa430accce485ff78e6d311973a67b6bf3208",
                "sha256:f10c98f49227ed8383d28174ee95155a675c4ed7f85e2e573b04414f7e371bda",
                "sha256:f188028b5af6b8fb2e9a76ac0f841a575bd1bd396e46ef0840d9b88a48fdbcea",
                "sha256:f188d580bd870cda1e15183790d1cc2fa78f666e76077d103edf048eed9c356e",
                "sha256:f45bd71d1fa5e5749587613037b172e0b3b23159d1c00ef2fc920da6f470e6f0",
                "sha256:f61333d817698bdcdd0f9d7793e365ac3d2a21c1f1eb02b32ad6aefb8d8ea831",
                "sha256:fb125d860738a09d363a88daa0f59c4533529a90e564785e20fe875b200b6dbd"
            ],
            "index": "pypi",
            "markers": "python_version >= '3.10'",
            "version": "==12.1.0"
        },
        "plaster": {
            "hashes": [
                "sha256:42992ab1f4865f1278e2ad740e8ad145683bb4022e03534265528f0c23c0df2d",
                "sha256:f8befc54bf8c1147c10ab40297ec84c2676fa2d4ea5d6f524d9436a80074ef98"
            ],
            "markers": "python_version >= '3.7'",
            "version": "==1.1.2"
        },
        "plaster-pastedeploy": {
            "hashes": [
                "sha256:ad3550cc744648969ed3b810f33c9344f515ee8d8a8cec18e8f2c4a643c2181f",
                "sha256:be262e6d2e41a7264875daa2fe2850cbb0615728bcdc92828fdc72736e381412"
            ],
            "markers": "python_version >= '3.7'",
            "version": "==1.0.1"
        },
        "prettyprint": {
            "hashes": [
                "sha256:7423210b62adfb3777677914cd25db4919f1c2b0afba0454365ffbfa3f7e3731",
                "sha256:ee3fdb0a463b421d326ba3ed2891f1927eb4193abedf81c9937bc1deae0f958a"
            ],
            "index": "pypi",
            "version": "==0.1.5"
        },
        "proto-plus": {
            "hashes": [
                "sha256:13285478c2dcf2abb829db158e1047e2f1e8d63a077d94263c2b88b043c75a66",
                "sha256:21a515a4c4c0088a773899e23c7bbade3d18f9c66c73edd4c7ee3816bc96a012"
            ],
            "markers": "python_version >= '3.7'",
            "version": "==1.26.1"
        },
        "protobuf": {
            "hashes": [
                "sha256:140303d5c8d2037730c548f8c7b93b20bb1dc301be280c378b82b8894589c954",
                "sha256:25c9e1963c6734448ea2d308cfa610e692b801304ba0908d7bfa564ac5132995",
                "sha256:35be49fd3f4fefa4e6e2aacc35e8b837d6703c37a2168a55ac21e9b1bc7559ef",
                "sha256:905b07a65f1a4b72412314082c7dbfae91a9e8b68a0cc1577515f8df58ecf455",
                "sha256:9a031d10f703f03768f2743a1c403af050b6ae1f3480e9c140f39c45f81b13ee",
                "sha256:c963e86c3655af3a917962c9619e1a6b9670540351d7af9439d06064e3317cc9",
                "sha256:cd33a8e38ea3e39df66e1bbc462b076d6e5ba3a4ebbde58219d777223a7873d3",
                "sha256:d6101ded078042a8f17959eccd9236fb7a9ca20d3b0098bbcb91533a5680d035",
                "sha256:e0697ece353e6239b90ee43a9231318302ad8353c70e6e45499fa52396debf90",
                "sha256:e0a1715e4f27355afd9570f3ea369735afc853a6c3951a6afe1f80d8569ad298"
            ],
            "markers": "python_version >= '3.9'",
            "version": "==6.33.0"
        },
        "pyasn1": {
            "hashes": [
                "sha256:0d632f46f2ba09143da3a8afe9e33fb6f92fa2320ab7e886e2d0f7672af84629",
                "sha256:6f580d2bdd84365380830acf45550f2511469f673cb4a5ae3857a3170128b034"
            ],
            "markers": "python_version >= '3.8'",
            "version": "==0.6.1"
        },
        "pyasn1-modules": {
            "hashes": [
                "sha256:29253a9207ce32b64c3ac6600edc75368f98473906e8fd1043bd6b5b1de2c14a",
                "sha256:677091de870a80aae844b1ca6134f54652fa2c8c5a52aa396440ac3106e941e6"
            ],
            "markers": "python_version >= '3.8'",
            "version": "==0.4.2"
        },
        "pyparsing": {
            "hashes": [
                "sha256:a749938e02d6fd0b59b356ca504a24982314bb090c383e3cf201c95ef7e2bfcf",
                "sha256:b9c13f1ab8b3b542f72e28f634bad4de758ab3ce4546e4301970ad6fa77c38be"
            ],
            "markers": "python_version >= '3.9'",
            "version": "==3.2.3"
        },
        "pyramid": {
            "hashes": [
                "sha256:2e6585ac55c147f0a51bc00dadf72075b3bdd9a871b332ff9e5e04117ccd76fa",
                "sha256:372138a738e4216535cc76dcce6eddd5a1aaca95130f2354fb834264c06f18de"
            ],
            "index": "pypi",
            "markers": "python_version >= '3.6'",
            "version": "==2.0.2"
        },
        "pyramid-storage": {
            "hashes": [
                "sha256:31030f38448dc1f7eee8c82f13c1c2a0168233e4a92058234c8bef87cd20bdaf",
                "sha256:dd4fff0d19290c102948d746bf1f32d15ae5b2173d0c1ebc48a136a00643c6bc"
            ],
            "index": "pypi",
            "version": "==1.3.2"
        },
        "python-dotenv": {
            "hashes": [
                "sha256:41f90bc6f5f177fb41f53e87666db362025010eb28f60a01c9143bfa33a2b2d5",
                "sha256:d7c01d9e2293916c18baf562d95698754b0dbbb5e74d457c45d4f6561fb9d55d"
            ],
            "markers": "python_version >= '3.9'",
            "version": "==1.1.0"
        },
        "requests": {
            "hashes": [
                "sha256:2462f94637a34fd532264295e186976db0f5d453d1cdd31473c85a6a161affb6",
                "sha256:dbba0bac56e100853db0ea71b82b4dfd5fe2bf6d3754a8893c3af500cec7d7cf"
            ],
            "markers": "python_version >= '3.9'",
            "version": "==2.32.5"
        },
        "requests-oauthlib": {
            "hashes": [
                "sha256:7dd8a5c40426b779b0868c404bdef9768deccf22749cde15852df527e6269b36",
                "sha256:b3dffaebd884d8cd778494369603a9e7b58d29111bf6b41bdc2dcd87203af4e9"
            ],
            "markers": "python_version >= '3.4'",
            "version": "==2.0.0"
        },
        "rsa": {
            "hashes": [
                "sha256:68635866661c6836b8d39430f97a996acbd61bfa49406748ea243539fe239762",
                "sha256:e7bdbfdb5497da4c07dfd35530e1a902659db6ff241e39d9953cad06ebd0ae75"
            ],
            "markers": "python_version >= '3.6' and python_version < '4'",
            "version": "==4.9.1"
        },
        "setuptools": {
            "hashes": [
                "sha256:c3a9c4211ff4c309edb8b8c4f1cbfa7ae324c4ba9f91ff254e3d305b9fd54561",
                "sha256:fcc17fd9cd898242f6b4adfaca46137a9edef687f43e6f78469692a5e70d851d"
            ],
            "index": "pypi",
            "markers": "python_version >= '3.9'",
            "version": "==78.1.1"
        },
        "translationstring": {
            "hashes": [
                "sha256:5f4dc4d939573db851c8d840551e1a0fb27b946afe3b95aafc22577eed2d6262",
                "sha256:bf947538d76e69ba12ab17283b10355a9ecfbc078e6123443f43f2107f6376f3"
            ],
            "version": "==1.4"
        },
        "typing-extensions": {
            "hashes": [
                "sha256:0cea48d173cc12fa28ecabc3b837ea3cf6f38c6d1136f85cbaaf598984861466",
                "sha256:f0fa19c6845758ab08074a0cfa8b7aecb71c999ca73d62883bc25cc018c4e548"
            ],
            "markers": "python_version >= '3.9'",
            "version": "==4.15.0"
        },
        "uritemplate": {
            "hashes": [
                "sha256:480c2ed180878955863323eea31b0ede668795de182617fef9c6ca09e6ec9d0e",
                "sha256:962201ba1c4edcab02e60f9a0d3821e82dfc5d2d6662a21abd533879bdb8a686"
            ],
            "markers": "python_version >= '3.9'",
            "version": "==4.2.0"
        },
        "urllib3": {
            "hashes": [
                "sha256:3fc47733c7e419d4bc3f6b3dc2b4f890bb743906a30d56ba4a5bfa4bbff92760",
                "sha256:e6b01673c0fa6a13e374b50871808eb3bf7046c4b125b216f6bf1cc604cff0dc"
            ],
            "markers": "python_version >= '3.9'",
            "version": "==2.5.0"
        },
        "venusian": {
            "hashes": [
                "sha256:0845808a985976acbceaa1fbb871c7fac4fb28ae75453232970e9c2c2866dbf4",
                "sha256:534fb3b355669283eb3954581931e5d1d071fce61d029d58f3219a5e3a6f0c41"
            ],
            "markers": "python_version >= '3.7'",
            "version": "==3.1.1"
        },
        "webob": {
            "hashes": [
                "sha256:45e34c58ed0c7e2ecd238ffd34432487ff13d9ad459ddfd77895e67abba7c1f9",
                "sha256:ad6078e2edb6766d1334ec3dee072ac6a7f95b1e32ce10def8ff7f0f02d56589"
            ],
            "markers": "python_version >= '2.7' and python_version not in '3.0, 3.1, 3.2'",
            "version": "==1.8.9"
        },
        "zope.deprecation": {
            "hashes": [
                "sha256:46bed4611fb53edc731aadeb64b28308bcb848f4cc150c60c948d078f7108721",
                "sha256:60f957b964d8f947a4a592c647d51ce0f4f844d1f041657956ddde0d9fa9a76a"
            ],
            "markers": "python_version >= '3.9'",
            "version": "==5.1"
        },
        "zope.interface": {
            "hashes": [
                "sha256:033b3923b63474800b04cba480b70f6e6243a62208071fc148354f3f89cc01b7",
                "sha256:05b910a5afe03256b58ab2ba6288960a2892dfeef01336dc4be6f1b9ed02ab0a",
                "sha256:086ee2f51eaef1e4a52bd7d3111a0404081dadae87f84c0ad4ce2649d4f708b7",
                "sha256:0ef9e2f865721553c6f22a9ff97da0f0216c074bd02b25cf0d3af60ea4d6931d",
                "sha256:1090c60116b3da3bfdd0c03406e2f14a1ff53e5771aebe33fec1edc0a350175d",
                "sha256:144964649eba4c5e4410bb0ee290d338e78f179cdbfd15813de1a664e7649b3b",
                "sha256:15398c000c094b8855d7d74f4fdc9e73aa02d4d0d5c775acdef98cdb1119768d",
                "sha256:1909f52a00c8c3dcab6c4fad5d13de2285a4b3c7be063b239b8dc15ddfb73bd2",
                "sha256:21328fcc9d5b80768bf051faa35ab98fb979080c18e6f84ab3f27ce703bce465",
                "sha256:224b7b0314f919e751f2bca17d15aad00ddbb1eadf1cb0190fa8175edb7ede62",
                "sha256:25e6a61dcb184453bb00eafa733169ab6d903e46f5c2ace4ad275386f9ab327a",
                "sha256:27f926f0dcb058211a3bb3e0e501c69759613b17a553788b2caeb991bed3b61d",
                "sha256:29caad142a2355ce7cfea48725aa8bcf0067e2b5cc63fcf5cd9f97ad12d6afb5",
                "sha256:2ad9913fd858274db8dd867012ebe544ef18d218f6f7d1e3c3e6d98000f14b75",
                "sha256:31d06db13a30303c08d61d5fb32154be51dfcbdb8438d2374ae27b4e069aac40",
                "sha256:3e0350b51e88658d5ad126c6a57502b19d5f559f6cb0a628e3dc90442b53dd98",
                "sha256:3f6771d1647b1fc543d37640b45c06b34832a943c80d1db214a37c31161a93f1",
                "sha256:4893395d5dd2ba655c38ceb13014fd65667740f09fa5bb01caa1e6284e48c0cd",
                "sha256:52e446f9955195440e787596dccd1411f543743c359eeb26e9b2c02b077b0519",
                "sha256:550f1c6588ecc368c9ce13c44a49b8d6b6f3ca7588873c679bd8fd88a1b557b6",
                "sha256:72cd1790b48c16db85d51fbbd12d20949d7339ad84fd971427cf00d990c1f137",
                "sha256:7bd449c306ba006c65799ea7912adbbfed071089461a19091a228998b82b1fdb",
                "sha256:7dc5016e0133c1a1ec212fc87a4f7e7e562054549a99c73c8896fa3a9e80cbc7",
                "sha256:802176a9f99bd8cc276dcd3b8512808716492f6f557c11196d42e26c01a69a4c",
                "sha256:80ecf2451596f19fd607bb09953f426588fc1e79e93f5968ecf3367550396b22",
                "sha256:8b49f1a3d1ee4cdaf5b32d2e738362c7f5e40ac8b46dd7d1a65e82a4872728fe",
                "sha256:8e7da17f53e25d1a3bde5da4601e026adc9e8071f9f6f936d0fe3fe84ace6d54",
                "sha256:a102424e28c6b47c67923a1f337ede4a4c2bba3965b01cf707978a801fc7442c",
                "sha256:a19a6cc9c6ce4b1e7e3d319a473cf0ee989cbbe2b39201d7c19e214d2dfb80c7",
                "sha256:a71a5b541078d0ebe373a81a3b7e71432c61d12e660f1d67896ca62d9628045b",
                "sha256:baf95683cde5bc7d0e12d8e7588a3eb754d7c4fa714548adcd96bdf90169f021",
                "sha256:cab15ff4832580aa440dc9790b8a6128abd0b88b7ee4dd56abacbc52f212209d",
                "sha256:ce290e62229964715f1011c3dbeab7a4a1e4971fd6f31324c4519464473ef9f2",
                "sha256:d3a8ffec2a50d8ec470143ea3d15c0c52d73df882eef92de7537e8ce13475e8a",
                "sha256:e204937f67b28d2dca73ca936d3039a144a081fc47a07598d44854ea2a106239",
                "sha256:eb23f58a446a7f09db85eda09521a498e109f137b85fb278edb2e34841055398",
                "sha256:f6dd02ec01f4468da0f234da9d9c8545c5412fef80bc590cc51d8dd084138a89"
            ],
            "markers": "python_version >= '3.8'",
            "version": "==7.2"
        }
    },
    "develop": {}
}
