{
    "_meta": {
        "hash": {
            "sha256": "2a0b9d93faea751bc7625fc54401ecc08a47ad58a3d1104702e4a02bd9e72a33"
        },
        "pipfile-spec": 6,
        "requires": {
            "python_version": "3.8"
        },
        "sources": [
            {
                "name": "pypi",
                "url": "https://pypi.org/simple",
                "verify_ssl": true
            }
        ]
    },
    "default": {
        "cachetools": {
            "hashes": [
                "sha256:2cc0b89715337ab6dbba85b5b50effe2b0c74e035d83ee8ed637cf52f12ae001",
                "sha256:61b5ed1e22a0924aed1d23b478f37e8d52549ff8a961de2909c69bf950020cff"
            ],
            "version": "==4.2.2"
        },
        "certifi": {
            "hashes": [
                "sha256:1a4995114262bffbc2413b159f2a1a480c969de6e6eb13ee966d470af86af59c",
                "sha256:719a74fb9e33b9bd44cc7f3a8d94bc35e4049deebe19ba7d8e108280cfd59830"
            ],
            "version": "==2020.12.5"
        },
        "cffi": {
            "hashes": [
                "sha256:005a36f41773e148deac64b08f233873a4d0c18b053d37da83f6af4d9087b813",
                "sha256:0857f0ae312d855239a55c81ef453ee8fd24136eaba8e87a2eceba644c0d4c06",
                "sha256:1071534bbbf8cbb31b498d5d9db0f274f2f7a865adca4ae429e147ba40f73dea",
                "sha256:158d0d15119b4b7ff6b926536763dc0714313aa59e320ddf787502c70c4d4bee",
                "sha256:1f436816fc868b098b0d63b8920de7d208c90a67212546d02f84fe78a9c26396",
                "sha256:2894f2df484ff56d717bead0a5c2abb6b9d2bf26d6960c4604d5c48bbc30ee73",
                "sha256:29314480e958fd8aab22e4a58b355b629c59bf5f2ac2492b61e3dc06d8c7a315",
                "sha256:34eff4b97f3d982fb93e2831e6750127d1355a923ebaeeb565407b3d2f8d41a1",
                "sha256:35f27e6eb43380fa080dccf676dece30bef72e4a67617ffda586641cd4508d49",
                "sha256:3d3dd4c9e559eb172ecf00a2a7517e97d1e96de2a5e610bd9b68cea3925b4892",
                "sha256:43e0b9d9e2c9e5d152946b9c5fe062c151614b262fda2e7b201204de0b99e482",
                "sha256:48e1c69bbacfc3d932221851b39d49e81567a4d4aac3b21258d9c24578280058",
                "sha256:51182f8927c5af975fece87b1b369f722c570fe169f9880764b1ee3bca8347b5",
                "sha256:58e3f59d583d413809d60779492342801d6e82fefb89c86a38e040c16883be53",
                "sha256:5de7970188bb46b7bf9858eb6890aad302577a5f6f75091fd7cdd3ef13ef3045",
                "sha256:65fa59693c62cf06e45ddbb822165394a288edce9e276647f0046e1ec26920f3",
                "sha256:69e395c24fc60aad6bb4fa7e583698ea6cc684648e1ffb7fe85e3c1ca131a7d5",
                "sha256:6c97d7350133666fbb5cf4abdc1178c812cb205dc6f41d174a7b0f18fb93337e",
                "sha256:6e4714cc64f474e4d6e37cfff31a814b509a35cb17de4fb1999907575684479c",
                "sha256:72d8d3ef52c208ee1c7b2e341f7d71c6fd3157138abf1a95166e6165dd5d4369",
                "sha256:8ae6299f6c68de06f136f1f9e69458eae58f1dacf10af5c17353eae03aa0d827",
                "sha256:8b198cec6c72df5289c05b05b8b0969819783f9418e0409865dac47288d2a053",
                "sha256:99cd03ae7988a93dd00bcd9d0b75e1f6c426063d6f03d2f90b89e29b25b82dfa",
                "sha256:9cf8022fb8d07a97c178b02327b284521c7708d7c71a9c9c355c178ac4bbd3d4",
                "sha256:9de2e279153a443c656f2defd67769e6d1e4163952b3c622dcea5b08a6405322",
                "sha256:9e93e79c2551ff263400e1e4be085a1210e12073a31c2011dbbda14bda0c6132",
                "sha256:9ff227395193126d82e60319a673a037d5de84633f11279e336f9c0f189ecc62",
                "sha256:a465da611f6fa124963b91bf432d960a555563efe4ed1cc403ba5077b15370aa",
                "sha256:ad17025d226ee5beec591b52800c11680fca3df50b8b29fe51d882576e039ee0",
                "sha256:afb29c1ba2e5a3736f1c301d9d0abe3ec8b86957d04ddfa9d7a6a42b9367e396",
                "sha256:b85eb46a81787c50650f2392b9b4ef23e1f126313b9e0e9013b35c15e4288e2e",
                "sha256:bb89f306e5da99f4d922728ddcd6f7fcebb3241fc40edebcb7284d7514741991",
                "sha256:cbde590d4faaa07c72bf979734738f328d239913ba3e043b1e98fe9a39f8b2b6",
                "sha256:cd2868886d547469123fadc46eac7ea5253ea7fcb139f12e1dfc2bbd406427d1",
                "sha256:d42b11d692e11b6634f7613ad8df5d6d5f8875f5d48939520d351007b3c13406",
                "sha256:f2d45f97ab6bb54753eab54fffe75aaf3de4ff2341c9daee1987ee1837636f1d",
                "sha256:fd78e5fee591709f32ef6edb9a015b4aa1a5022598e36227500c8f4e02328d9c"
            ],
            "version": "==1.14.5"
        },
        "chardet": {
            "hashes": [
                "sha256:0d6f53a15db4120f2b08c94f11e7d93d2c911ee118b6b30a04ec3ee8310179fa",
                "sha256:f864054d66fd9118f2e67044ac8981a54775ec5b67aed0441892edb553d21da5"
            ],
            "version": "==4.0.0"
        },
        "environs": {
            "hashes": [
                "sha256:a98005aab7613b6fe7a1af7192a5163f72a52d3348d3918e6c7a2a32e4012779",
                "sha256:bf3fd6bc54fcfd7f512ddcb80a7781f0ced2b0c83dd123d619e9468ecdaaf537"
            ],
            "index": "pypi",
            "version": "==8.0.0"
        },
        "facebook-sdk": {
            "hashes": [
                "sha256:2e987b3e0f466a6f4ee77b935eb023dba1384134f004a2af21f1cfff7fe0806e",
                "sha256:cabcd2e69ea3d9f042919c99b353df7aa1e2be86d040121f6e9f5e63c1cf0f8d"
            ],
            "index": "pypi",
            "version": "==3.1.0"
        },
        "google-api-core": {
            "extras": [
                "grpc"
            ],
            "hashes": [
                "sha256:099762d4b4018cd536bcf85136bf337957da438807572db52f21dc61251be089",
                "sha256:b914345c7ea23861162693a27703bab804a55504f7e6e9abcaff174d80df32ac"
            ],
            "version": "==1.26.3"
        },
        "google-api-python-client": {
            "hashes": [
                "sha256:4f596894f702736da84cf89490a810b55ca02a81f0cddeacb3022e2900b11ec6",
                "sha256:caf4015800ef1a18d06d117f47f0219c0c0641f21978f6b1bb5ede7912fab97b"
            ],
            "index": "pypi",
            "version": "==1.11.0"
        },
        "google-auth": {
            "hashes": [
                "sha256:588bdb03a41ecb4978472b847881e5518b5d9ec6153d3d679aa127a55e13b39f",
                "sha256:9ad25fba07f46a628ad4d0ca09f38dcb262830df2ac95b217f9b0129c9e42206"
            ],
            "version": "==1.30.0"
        },
        "google-auth-httplib2": {
            "hashes": [
                "sha256:8d092cc60fb16517b12057ec0bba9185a96e3b7169d86ae12eae98e645b7bc39",
                "sha256:aeaff501738b289717fac1980db9711d77908a6c227f60e4aa1923410b43e2ee"
            ],
            "index": "pypi",
            "version": "==0.0.4"
        },
        "google-auth-oauthlib": {
            "hashes": [
                "sha256:88d2cd115e3391eb85e1243ac6902e76e77c5fe438b7276b297fbe68015458dd",
                "sha256:a92a0f6f41a0fb6138454fbc02674e64f89d82a244ea32f98471733c8ef0e0e1"
            ],
            "index": "pypi",
            "version": "==0.4.1"
        },
        "google-cloud-core": {
            "hashes": [
                "sha256:40d9c2da2d03549b5ac3dcccf289d4f15e6d1210044c6381ce45c92913e62904",
                "sha256:c6abb18527545379fc82efc4de75ce9a3772ccad2fc645adace593ba097cbb02"
            ],
            "version": "==1.6.0"
        },
        "google-cloud-storage": {
            "hashes": [
                "sha256:34fb8f7e8a2a633cbfb09d8dec38b3450c4029af1a328a67bca64f6226a1f4a5",
                "sha256:4f51c7700242a9d54c07117f25fec5d110ab85435b3ce60ac28cc553f8ea938b"
            ],
            "index": "pypi",
            "version": "==1.31.0"
        },
        "google-cloud-translate": {
            "hashes": [
                "sha256:d5a31cfc52a54b93ff54974c07e93151e8926614897be5d72b8dda9627ee7750",
                "sha256:ecdea3e176e80f606d08c4c7fd5acea6b3dd960f4b2e9a65951aaf800350a759"
            ],
            "index": "pypi",
            "version": "==3.0.1"
        },
        "google-cloud-vision": {
            "hashes": [
                "sha256:18e78b190c81d200ae4f6a46d4af57422d68b3b05b0540d5cd1806e3874142bf",
                "sha256:e61091a52f334a20e597b74e2fb42c9f27dda25323544cd157d6110fde26c9a6"
            ],
            "index": "pypi",
            "version": "==1.0.0"
        },
        "google-crc32c": {
            "hashes": [
                "sha256:0ae3cf54e0d4d83c8af1afe96fc0970fbf32f1b29275f3bfd44ce25c4b622a2b",
                "sha256:0dd9b61d0c63043b013349c9ec8a83ec2b05c96410c5bc257da5d0de743fc171",
                "sha256:110157fb19ab5db15603debfaf5fcfbac9627576787d9caf8618ff96821a7a1f",
                "sha256:1dc6904c0d958f43102c85d70792cca210d3d051ddbeecd0eff10abcd981fdfa",
                "sha256:298a9a922d35b123a73be80233d0f19c6ea01f008743561a8937f9dd83fb586b",
                "sha256:34a97937f164147aefa53c3277364fd3bfa7fd244cbebbd5a976fa8325fb496b",
                "sha256:364eb36e8d9d34542c17b0c410035b0557edd4300a92ed736b237afaa0fd6dae",
                "sha256:49838ede42592154f9fcd21d07c7a43a67b00a36e252f82ae72542fde09dc51f",
                "sha256:51f4aa06125bf0641f65fb83268853545dbeb36b98ccfec69ef57dcb6b73b176",
                "sha256:6789db0b12aab12a0f04de22ed8412dfa5f6abd5a342ea19f15355064e1cc387",
                "sha256:78cf5b1bd30f3a6033b41aa4ce8c796870bc4645a15d3ef47a4b05d31b0a6dc1",
                "sha256:7c5138ed2e815189ba524756e027ac5833365e86115b1c2e6d9e833974a58d82",
                "sha256:80abca603187093ea089cd1215c3779040dda55d3cdabc0cd5ea0e10df7bff99",
                "sha256:8ed8f6dc4f55850cba2eb22b78902ad37f397ee02692d3b8e00842e9af757321",
                "sha256:91ad96ee2958311d0bb75ffe5c25c87fb521ef547c09e04a8bb6143e75fb1367",
                "sha256:92ed6062792b989e84621e07a5f3d37da9cc3153b77d23a582921f14863af31d",
                "sha256:9372211acbcc207f63ffaffea1d05f3244a21311e4710721ffff3e8b7a0d24d0",
                "sha256:a64e0e8ed6076a8d867fc4622ad821c55eba8dff1b48b18f56b7c2392e22ab9d",
                "sha256:a6c8a712ffae56c805ca732b735af02860b246bed2c1acb38ea954a8b2dc4581",
                "sha256:ab2b31395fbeeae6d15c98bd7f8b9fb76a18f18f87adc11b1f6dbe8f90d8382f",
                "sha256:ae7b9e7e2ca1b06c3a68b6ef223947a52c30ffae329b1a2be3402756073f2732",
                "sha256:b5ea1055fe470334ced844270e7c808b04fe31e3e6394675daa77f6789ca9eff",
                "sha256:d0630670d27785d7e610e72752dc8087436d00d2c7115e149c0a754babb56d3e",
                "sha256:d4a0d4fb938c2c3c0076445c9bd1215a3bd3df557b88d8b05ec2889ca0c92f8d",
                "sha256:dff5bd1236737f66950999d25de7a78144548ebac7788d30ada8c1b6ead60b27",
                "sha256:e5af77656e8d367701f40f80a91c985ca43319f322f0a36ba9f93909d0bc4cb2",
                "sha256:e6458c41236d37cb982120b070ebcc115687c852bee24cdd18792da2640cf44d",
                "sha256:ea170341a4a9078a067b431044cd56c73553425833a7c2bb81734777a230ad4b",
                "sha256:ef2ed6d0ac4de4ac602903e203eccd25ec8e37f1446fe1a3d2953a658035e0a5"
            ],
            "markers": "python_version >= '3.5'",
            "version": "==1.1.2"
        },
        "google-resumable-media": {
            "hashes": [
                "sha256:dbe670cd7f02f3586705fd5a108c8ab8552fa36a1cad8afbc5a54e982cf34f0c",
                "sha256:ee98b1921e5bda94867a08c864e55b4763d63887664f49ee1c231988f56b9d43"
            ],
            "version": "==1.2.0"
        },
        "googleapis-common-protos": {
            "hashes": [
                "sha256:a88ee8903aa0a81f6c3cec2d5cf62d3c8aa67c06439b0496b49048fb1854ebf4",
                "sha256:f6d561ab8fb16b30020b940e2dd01cd80082f4762fa9f3ee670f4419b4b8dbd0"
            ],
            "version": "==1.53.0"
        },
        "grpcio": {
            "hashes": [
                "sha256:025fa7dffb0cf724070cfcbe2ff600a18b0cf84642ede5c92f2717162e2a8c95",
                "sha256:0b8817acef140cb9a3543208c13282d3bf4bb0103e930ddbb779677604085ada",
                "sha256:0d64b5995e17eb9f086e82e6a4edadd1295827b593be71b516e7a442067784b5",
                "sha256:1aab01ee3e4b88ed6419f0b25ff21c83deb6c823c6fb77e655def0796526e3a3",
                "sha256:1de472a3c2a3d89d4d400d8179f2777ec99f7da0e87c0c1f196226141816d621",
                "sha256:22b0cc3531d3c405fae9a8519004a0e62ecbd1f005b55b3622098a4881d36b96",
                "sha256:23666be3ed366f647f09c9caf89c48ca0daa12be8fe4786e5a368a6cd69de1f6",
                "sha256:264f6d9a922f5124f79f50b1880349fd16c657a9b4fdf0f29fca939d40584f7f",
                "sha256:30807f3979ebb3872588fa166876a2a24febe17e0db5950d5bedd67320d11b8c",
                "sha256:30ba9712547c9497a438bfeb2c7f393fa983df1609e1c81243d4b0d1b1bfefbf",
                "sha256:34d6f626062e7ef47ab30ff8976825c58fa8846ccd8c645b57291ccc74b9d413",
                "sha256:37e265b72e69ef8e33efca8d1123bdc349ae3eabb92563e76adfce209c9df51a",
                "sha256:3ee1bef5f5e4208998cdef44933db3c30c52a7ebde424cfc4186404ffded1d35",
                "sha256:4493365334baaa3d775f5e4a91d9a844ac676560232223405a0964dfddb31924",
                "sha256:4850c96d3a22d941b0d6af4dccbc739caec7f367b783aad049c843b28b458ff0",
                "sha256:494cce1709f7cd63c2610c25b41f886048f1d993511ddb23f766b77ac142ba78",
                "sha256:4c0503b5ef6fcabc52c296d750a095ef29fd707d0f85322e95e5c261b3a684f9",
                "sha256:5dabaac759a98bcfd979d22874dcd7ccf8779678a2fe841d355dd93fee143974",
                "sha256:609297d3d5d32f47e04bf7dc61c7756df50bc37dec4dfd63e996388eba42fb3b",
                "sha256:640f49187105fb6c2b1b7acea06df3b0ccf5fe33a075c73b8a741013bc5cc802",
                "sha256:67b482c810d05d9317e29b82900864ab888b9f842701906ba54c3eb176cd8eab",
                "sha256:6ad11c1ea337720a42fc31959bd44a38b8837e3ae25bdab681e2e1a28096b02a",
                "sha256:6f44b8244bafcbea63daff222ae1b27d048b9d8fd47eb3d11e61ee092078e766",
                "sha256:728292f5ccb849f30774c0805ef5c39452b3a5f4d193ac499ae5b78d268ff64b",
                "sha256:74aad86c7c1b9163d01c3d9e75861e9b09c65e0947592ca315c30353a0f6c4d1",
                "sha256:7533d2c9698dd3038fcf3dd0df243b76a9e0db8008f8575c305e20a3593189eb",
                "sha256:7b2a2cf3621f94b123a9d7a68e4a8d948b29520136f096927f7c9653f24c8fca",
                "sha256:80c3c9d24ecd236571d3c86657243431a8bafef022dcce83f9f2aeb6eecb96b9",
                "sha256:8d3cdca5cfd6761a8824bc8acc8ac7bc37ad5ef75899308ca0458cf7952ce12d",
                "sha256:8f5a16f8b650efddd5ff3f750cca5b45c045923be13e79cdd1b886332307f46a",
                "sha256:9364f35949c3cff5470b583a03ccfd927b71cbe1ab7583a6529d5d67ed76e91e",
                "sha256:9674fffd1f599aec7389a61d48c1a8c8aaba69591609895911c6d8386d86dd45",
                "sha256:99a627471275f93d400399b55e4c1d798602ff79d693e7def0a0b276912bff7e",
                "sha256:a1cd40eac72d3c914eea73f8f7730ddbd86061098a8ce712d1ce108e9d87d449",
                "sha256:ac4174b1cf4daea0653fcfee7676bb04a8a43644e9ddf1913834d1542a9c697b",
                "sha256:ad03ff6b15f3481f3c999d5d22b5c56295dffc49b8e2cbdbc04c7bf358d3034e",
                "sha256:b7cc965538da06c9e9cf0e01bae91f274c75baf224ca6a734717c0f003ddf1f2",
                "sha256:b948a00764fee55cf111e0bf3d987167557152abf879f2c13bd2f278a6247ded",
                "sha256:c87599137f6022ed5079b0df47da83134b9810d4b00999b87edfc901347f26a9",
                "sha256:d232802ba15b465000263bc17171f9863173b7669bdd72dbdffdfcc0f6e637dc",
                "sha256:d7ae05ded17c4697ef80784dc89cad3025db0d90c5a8a0ada47a8d0749617d58",
                "sha256:df8305806311d3fe913d4f7eb3ef28e2072159ea12f95baab5d447f1380a71e3",
                "sha256:e236d0580f7e69a35c420ce60f960b294e9dc973b8c31499fa476eb4d4ba4088",
                "sha256:e3e0fb7d32f163699cef5132b060e3f613dc914408164eb3e3ac69095861ea04",
                "sha256:e72d8df53624098d8b1fe01c961888d61f90d7c0aa8116d76db80a535da9b445",
                "sha256:e7da0319003d150611b30cd864e0474a283324b3db9107107aa3ef9a71c53130",
                "sha256:ee0537fe2423307b885ba44e6789249e6d7624247cb38a20b9f38f4b40f5ab03",
                "sha256:f1287ae8a3bef97fd702dac95967aaf52031a6dceb2bd30da165f16e3b617293",
                "sha256:f6a73167fce4a41e5c0b34ceaad1048a14e9eeb4fc324da49da0537c199efab7",
                "sha256:f933dd10948a5e5ed4258a1581e45aec1bb84069e62368084eb2dcf4cce51e78",
                "sha256:fa279b99878bae9b804c09e023f2b47de79d0b5e813ab85ddf28673784d610f0"
            ],
            "version": "==1.37.1"
        },
        "httplib2": {
            "hashes": [
                "sha256:0b12617eeca7433d4c396a100eaecfa4b08ee99aa881e6df6e257a7aad5d533d",
                "sha256:2ad195faf9faf079723f6714926e9a9061f694d07724b846658ce08d40f522b4"
            ],
            "version": "==0.19.1"
        },
        "hupper": {
            "hashes": [
                "sha256:cd6f51b72c7587bc9bce8a65ecd025a1e95f1b03284519bfe91284d010316cd9",
                "sha256:f683850d62598c02faf3c7cdaaa727d8cbe3c5a2497a5737a8358386903b2601"
            ],
            "version": "==1.10.3"
        },
        "idna": {
            "hashes": [
                "sha256:b307872f855b18632ce0c21c5e45be78c0ea7ae4c15c828c20788b26921eb3f6",
                "sha256:b97d804b1e9b523befed77c48dacec60e6dcb0b5391d57af6a65a312a90648c0"
            ],
            "version": "==2.10"
        },
        "libcst": {
            "hashes": [
                "sha256:4876239db55164acaf034ee01f56a7db0a2f90cacea24b183d8aa69efc11b067",
                "sha256:9e26313ded6e17605658b93319299bce43cc8d7e24dafc12d6f782f758a3faf4"
            ],
            "version": "==0.3.19"
        },
        "magickwand": {
            "hashes": [
                "sha256:4e981493667c9dcf1ac4131ac40f573da0881a9ade0827ee771a2c5606433df5",
                "sha256:bec1c462e7caea1c58b8fefae6b54e0420972bdb83d3eadab79e62cbed33262f",
                "sha256:d1e7a0621d628f8b2c6799f0edb5f17fb92b14d48a429281c2ed93f59208b8da"
            ],
            "index": "pypi",
            "version": "==0.2"
        },
        "marshmallow": {
            "hashes": [
                "sha256:8050475b70470cc58f4441ee92375db611792ba39ca1ad41d39cad193ea9e040",
                "sha256:b45cde981d1835145257b4a3c5cb7b80786dcf5f50dd2990749a50c16cb48e01"
            ],
            "version": "==3.12.1"
        },
        "mypy-extensions": {
            "hashes": [
                "sha256:090fedd75945a69ae91ce1303b5824f428daf5a028d2f6ab8a299250a846f15d",
                "sha256:2d82818f5bb3e369420cb3c4060a7970edba416647068eb4c5343488a6c604a8"
            ],
            "version": "==0.4.3"
        },
        "oauthlib": {
            "hashes": [
                "sha256:bee41cc35fcca6e988463cacc3bcb8a96224f470ca547e697b604cc697b2f889",
                "sha256:df884cd6cbe20e32633f1db1072e9356f53638e4361bef4e8b03c9127c9328ea"
            ],
            "version": "==3.1.0"
        },
        "packaging": {
            "hashes": [
                "sha256:5b327ac1320dc863dca72f4514ecc086f31186744b84a230374cc1fd776feae5",
                "sha256:67714da7f7bc052e064859c05c595155bd1ee9f69f76557e21f051443c20947a"
            ],
            "version": "==20.9"
        },
        "pastedeploy": {
            "hashes": [
                "sha256:14923cfd6ad4281b570693afc278bab5076fbdd4cd15aa9d99b042d694aa4217",
                "sha256:6dead6ab9823a85d585ef27f878bc647f787edb9ca8da0716aa9f1261b464817"
            ],
            "version": "==2.1.1"
        },
        "pillow": {
            "hashes": [
                "sha256:01bb0a34f1a6689b138c0089d670ae2e8f886d2666a9b2f2019031abdea673c4",
                "sha256:07872f1d8421db5a3fe770f7480835e5e90fddb58f36c216d4a2ac0d594de474",
                "sha256:1022f8f6dc3c5b0dcf928f1c49ba2ac73051f576af100d57776e2b65c1f76a8d",
                "sha256:14415e9e28410232370615dbde0cf0a00e526f522f665460344a5b96973a3086",
                "sha256:172acfaf00434a28dddfe592d83f2980e22e63c769ff4a448ddf7b7a38ffd165",
                "sha256:1c5e3c36f02c815766ae9dd91899b1c5b4652f2a37b7a51609f3bd467c0f11fb",
                "sha256:292f2aa1ae5c5c1451cb4b558addb88c257411d3fd71c6cf45562911baffc979",
                "sha256:2a40d7d4b17db87f5b9a1efc0aff56000e1d0d5ece415090c102aafa0ccbe858",
                "sha256:2f0d7034d5faae9a8d1019d152ede924f653df2ce77d3bba4ce62cd21b5f94ae",
                "sha256:33fdbd4f5608c852d97264f9d2e3b54e9e9959083d008145175b86100b275e5b",
                "sha256:3b13d89d97b551e02549d1f0edf22bed6acfd6fd2e888cd1e9a953bf215f0e81",
                "sha256:3e759bcc03d6f39bc751e56d86bc87252b9a21c689a27c5ed753717a87d53a5b",
                "sha256:3ec87bd1248b23a2e4e19e774367fbe30fddc73913edc5f9b37470624f55dc1f",
                "sha256:436b0a2dd9fe3f7aa6a444af6bdf53c1eb8f5ced9ea3ef104daa83f0ea18e7bc",
                "sha256:43b3c859912e8bf754b3c5142df624794b18eb7ae07cfeddc917e1a9406a3ef2",
                "sha256:4fe74636ee71c57a7f65d7b21a9f127d842b4fb75511e5d256ace258826eb352",
                "sha256:59445af66b59cc39530b4f810776928d75e95f41e945f0c32a3de4aceb93c15d",
                "sha256:69da5b1d7102a61ce9b45deb2920a2012d52fd8f4201495ea9411d0071b0ec22",
                "sha256:7094bbdecb95ebe53166e4c12cf5e28310c2b550b08c07c5dc15433898e2238e",
                "sha256:8211cac9bf10461f9e33fe9a3af6c5131f3fdd0d10672afc2abb2c70cf95c5ca",
                "sha256:8cf77e458bd996dc85455f10fe443c0c946f5b13253773439bcbec08aa1aebc2",
                "sha256:924fc33cb4acaf6267b8ca3b8f1922620d57a28470d5e4f49672cea9a841eb08",
                "sha256:99ce3333b40b7a4435e0a18baad468d44ab118a4b1da0af0a888893d03253f1d",
                "sha256:a7d690b2c5f7e4a932374615fedceb1e305d2dd5363c1de15961725fe10e7d16",
                "sha256:b9af590adc1e46898a1276527f3cfe2da8048ae43fbbf9b1bf9395f6c99d9b47",
                "sha256:bb18422ad00c1fecc731d06592e99c3be2c634da19e26942ba2f13d805005cf2",
                "sha256:c10af40ee2f1a99e1ae755ab1f773916e8bca3364029a042cd9161c400416bd8",
                "sha256:c143c409e7bc1db784471fe9d0bf95f37c4458e879ad84cfae640cb74ee11a26",
                "sha256:c448d2b335e21951416a30cd48d35588d122a912d5fe9e41900afacecc7d21a1",
                "sha256:d30f30c044bdc0ab8f3924e1eeaac87e0ff8a27e87369c5cac4064b6ec78fd83",
                "sha256:df534e64d4f3e84e8f1e1a37da3f541555d947c1c1c09b32178537f0f243f69d",
                "sha256:f6fc18f9c9c7959bf58e6faf801d14fafb6d4717faaf6f79a68c8bb2a13dcf20",
                "sha256:ff83dfeb04c98bb3e7948f876c17513a34e9a19fd92e292288649164924c1b39"
            ],
            "index": "pypi",
            "version": "==8.1.1"
        },
        "plaster": {
            "hashes": [
                "sha256:215c921a438b5349931fd7df9a5a11a3572947f20f4bc6dd622ac08f1c3ba249",
                "sha256:8351c7c7efdf33084c1de88dd0f422cbe7342534537b553c49b857b12d98c8c3"
            ],
            "version": "==1.0"
        },
        "plaster-pastedeploy": {
            "hashes": [
                "sha256:391d93a4e1ff81fc3bae27508ebb765b61f1724ae6169f83577f06b6357be7fd",
                "sha256:7c8aa37c917b615c70bf942b24dc1e0455c49f62f1a2214b1a0dd98871644bbb"
            ],
            "version": "==0.7"
        },
        "proto-plus": {
            "hashes": [
                "sha256:600e2793ec1a0bf2b9e5ba18cd9eccbc1bc690a03c73b571bbe59789fbaaeecc",
                "sha256:cfc45474c7eda0fe3c4b9eca2542124f2a0ff5543242bec61e8d08bce0f5bd48"
            ],
            "version": "==1.18.1"
        },
        "protobuf": {
            "hashes": [
                "sha256:05c304396e309661c45e3a97bd2d8da1fc2bab743ed2ca880bcb757271c40c0e",
                "sha256:05dfe9319939a8473c21b469f34f6486646e54fb8542637cf7ed8e2fbfe21538",
                "sha256:1488f786bd1912f97796cf5def8cacf433735616896cf7ed9dc786cee693dfc8",
                "sha256:15351df904347da2081a2eebc42b192c29724eb57dbe56dae440be843f1e4779",
                "sha256:295944ef0772498d7bf75f6aa5d4dfcfd02f5ce70f735b406e52e43ac3914d38",
                "sha256:2f77afe33bb86c7d34221a86193256d69aa10818620fe4a7513d98211d67d672",
                "sha256:3237acce5b666c7b0f45785cc2d0809796d4df3593bd68338aebf25408139188",
                "sha256:3b5c461af5a3cebd796c73370db929b7e24cbaba655eefdc044226bc8a843d6b",
                "sha256:3d338910b10b88b18581cf6877b3938b2e262e8fdc2c1057f5a291787de63183",
                "sha256:44399393c3a8cc04a4cfbdc721dd7f2114497efda582e946a91b8c4290ae5ff5",
                "sha256:4c8d0997fdc0a4cf9de7950d598ce6974b22e8618bbcf1d15e9842010cf8420a",
                "sha256:5356981c1919782b8c2e3ea5c5d85ad5937b8178a025ac9edc2f2ca5b4a717ae",
                "sha256:809a96d5a1a74538728710f9104f43ae77f5e48bde274ee321b10a324ba52e4f",
                "sha256:850f429bd2399525d339d05bc809f090f16d3d88737bed637d355a5ee8d3b81a",
                "sha256:8a3ac375539055164f31a330770f137875307e6f04c21e2647f2e7139c501295",
                "sha256:939ce06846ddfec99c0bff510510b3ee45778e7a3aec6544d1f36526e5fecb67",
                "sha256:9ae321459d4890c3939c536382f75e232c9e91ce506310353c8a15ad5c379e0d",
                "sha256:a29631f4f8bcf79b12a59e83d238d888de5034871461d788c74c68218ad75049",
                "sha256:acc9f2091ace3de429eee424ab7ba0bc52a6aa9ffc9909e5c4de259a3f71db46",
                "sha256:baea44967071e6a51e705e4e88aebf35f530a14004cc69f60a185e5d7e13de7e",
                "sha256:bcaff977db178f0bfde10bab0d23a5f5adf5964adba70c315e45922a1c55eb90",
                "sha256:e32ef0c9f4b548c80d94dfff8b4130ca2ff3d50caaf2455889e3f5b8a01e8038",
                "sha256:eac0a2a7ea99e17175f6e7b53cdc9004ed786c072fbdf933def0e454e14fd323"
            ],
            "version": "==3.17.0"
        },
        "pyasn1": {
            "hashes": [
                "sha256:39c7e2ec30515947ff4e87fb6f456dfc6e84857d34be479c9d4a4ba4bf46aa5d",
                "sha256:aef77c9fb94a3ac588e87841208bdec464471d9871bd5050a287cc9a475cd0ba"
            ],
            "version": "==0.4.8"
        },
        "pyasn1-modules": {
            "hashes": [
                "sha256:905f84c712230b2c592c19470d3ca8d552de726050d1d1716282a1f6146be65e",
                "sha256:a50b808ffeb97cb3601dd25981f6b016cbb3d31fbf57a8b8a87428e6158d0c74"
            ],
            "version": "==0.2.8"
        },
        "pycparser": {
            "hashes": [
                "sha256:2d475327684562c3a96cc71adf7dc8c4f0565175cf86b6d7a404ff4c771f15f0",
                "sha256:7582ad22678f0fcd81102833f60ef8d0e57288b6b5fb00323d101be910e35705"
            ],
            "version": "==2.20"
        },
        "pyparsing": {
            "hashes": [
                "sha256:c203ec8783bf771a155b207279b9bccb8dea02d8f0c9e5f8ead507bc3246ecc1",
                "sha256:ef9d7589ef3c200abe66653d3f1ab1033c3c419ae9b9bdb1240a85b024efc88b"
            ],
            "version": "==2.4.7"
        },
        "pyramid": {
            "hashes": [
                "sha256:45431b387587ed0fac6213b54d6e9f0936f0cc85238a8f5af7852fc9484c5c77",
                "sha256:de7f097fa2fa43bead1f690761e56594d24954ae7dc7cbf69a5d84bb75c5a099"
            ],
            "index": "pypi",
            "version": "==2.0"
        },
        "python-dotenv": {
            "hashes": [
                "sha256:00aa34e92d992e9f8383730816359647f358f4a3be1ba45e5a5cefd27ee91544",
                "sha256:b1ae5e9643d5ed987fc57cc2583021e38db531946518130777734f9589b3141f"
            ],
            "version": "==0.17.1"
        },
        "pytz": {
            "hashes": [
                "sha256:83a4a90894bf38e243cf052c8b58f381bfe9a7a483f6a9cab140bc7f702ac4da",
                "sha256:eb10ce3e7736052ed3623d49975ce333bcd712c7bb19a58b9e2089d4057d0798"
            ],
            "version": "==2021.1"
        },
        "pyyaml": {
            "hashes": [
                "sha256:08682f6b72c722394747bddaf0aa62277e02557c0fd1c42cb853016a38f8dedf",
                "sha256:0f5f5786c0e09baddcd8b4b45f20a7b5d61a7e7e99846e3c799b05c7c53fa696",
                "sha256:129def1b7c1bf22faffd67b8f3724645203b79d8f4cc81f674654d9902cb4393",
                "sha256:294db365efa064d00b8d1ef65d8ea2c3426ac366c0c4368d930bf1c5fb497f77",
                "sha256:3b2b1824fe7112845700f815ff6a489360226a5609b96ec2190a45e62a9fc922",
                "sha256:3bd0e463264cf257d1ffd2e40223b197271046d09dadf73a0fe82b9c1fc385a5",
                "sha256:4465124ef1b18d9ace298060f4eccc64b0850899ac4ac53294547536533800c8",
                "sha256:49d4cdd9065b9b6e206d0595fee27a96b5dd22618e7520c33204a4a3239d5b10",
                "sha256:4e0583d24c881e14342eaf4ec5fbc97f934b999a6828693a99157fde912540cc",
                "sha256:5accb17103e43963b80e6f837831f38d314a0495500067cb25afab2e8d7a4018",
                "sha256:607774cbba28732bfa802b54baa7484215f530991055bb562efbed5b2f20a45e",
                "sha256:6c78645d400265a062508ae399b60b8c167bf003db364ecb26dcab2bda048253",
                "sha256:72a01f726a9c7851ca9bfad6fd09ca4e090a023c00945ea05ba1638c09dc3347",
                "sha256:74c1485f7707cf707a7aef42ef6322b8f97921bd89be2ab6317fd782c2d53183",
                "sha256:895f61ef02e8fed38159bb70f7e100e00f471eae2bc838cd0f4ebb21e28f8541",
                "sha256:8c1be557ee92a20f184922c7b6424e8ab6691788e6d86137c5d93c1a6ec1b8fb",
                "sha256:bb4191dfc9306777bc594117aee052446b3fa88737cd13b7188d0e7aa8162185",
                "sha256:bfb51918d4ff3d77c1c856a9699f8492c612cde32fd3bcd344af9be34999bfdc",
                "sha256:c20cfa2d49991c8b4147af39859b167664f2ad4561704ee74c1de03318e898db",
                "sha256:cb333c16912324fd5f769fff6bc5de372e9e7a202247b48870bc251ed40239aa",
                "sha256:d2d9808ea7b4af864f35ea216be506ecec180628aced0704e34aca0b040ffe46",
                "sha256:d483ad4e639292c90170eb6f7783ad19490e7a8defb3e46f97dfe4bacae89122",
                "sha256:dd5de0646207f053eb0d6c74ae45ba98c3395a571a2891858e87df7c9b9bd51b",
                "sha256:e1d4970ea66be07ae37a3c2e48b5ec63f7ba6804bdddfdbd3cfd954d25a82e63",
                "sha256:e4fac90784481d221a8e4b1162afa7c47ed953be40d31ab4629ae917510051df",
                "sha256:fa5ae20527d8e831e8230cbffd9f8fe952815b2b7dae6ffec25318803a7528fc",
                "sha256:fd7f6999a8070df521b6384004ef42833b9bd62cfee11a09bda1079b4b704247",
                "sha256:fdc842473cd33f45ff6bce46aea678a54e3d21f1b61a7750ce3c498eedfe25d6",
                "sha256:fe69978f3f768926cfa37b867e3843918e012cf83f680806599ddce33c2c68b0"
            ],
            "version": "==5.4.1"
        },
        "requests": {
            "hashes": [
                "sha256:27973dd4a904a4f13b263a19c866c13b92a39ed1c964655f025f3f8d3d75b804",
                "sha256:c210084e36a42ae6b9219e00e48287def368a26d03a048ddad7bfee44f75871e"
            ],
            "version": "==2.25.1"
        },
        "requests-oauthlib": {
            "hashes": [
                "sha256:7f71572defaecd16372f9006f33c2ec8c077c3cfa6f5911a9a90202beb513f3d",
                "sha256:b4261601a71fd721a8bd6d7aa1cc1d6a8a93b4a9f5e96626f8e4d91e8beeaa6a"
            ],
            "version": "==1.3.0"
        },
        "rsa": {
            "hashes": [
                "sha256:78f9a9bf4e7be0c5ded4583326e7461e3a3c5aae24073648b4bdfa797d78c9d2",
                "sha256:9d689e6ca1b3038bc82bf8d23e944b6b6037bc02301a574935b2dd946e0353b9"
            ],
            "markers": "python_version >= '3.6'",
            "version": "==4.7.2"
        },
        "six": {
            "hashes": [
                "sha256:1e61c37477a1626458e36f7b1d82aa5c9b094fa4802892072e49de9c60c4c926",
                "sha256:8abb2f1d86890a2dfb989f9a77cfcfd3e47c2a354b01111771326f8aa26e0254"
            ],
            "version": "==1.16.0"
        },
        "translationstring": {
            "hashes": [
                "sha256:5f4dc4d939573db851c8d840551e1a0fb27b946afe3b95aafc22577eed2d6262",
                "sha256:bf947538d76e69ba12ab17283b10355a9ecfbc078e6123443f43f2107f6376f3"
            ],
            "version": "==1.4"
        },
        "typing-extensions": {
            "hashes": [
                "sha256:0ac0f89795dd19de6b97debb0c6af1c70987fd80a2d62d1958f7e56fcc31b497",
                "sha256:50b6f157849174217d0656f99dc82fe932884fb250826c18350e159ec6cdf342",
                "sha256:779383f6086d90c99ae41cf0ff39aac8a7937a9283ce0a414e5dd782f4c94a84"
            ],
            "version": "==3.10.0.0"
        },
        "typing-inspect": {
            "hashes": [
                "sha256:3b98390df4d999a28cf5b35d8b333425af5da2ece8a4ea9e98f71e7591347b4f",
                "sha256:8f1b1dd25908dbfd81d3bebc218011531e7ab614ba6e5bf7826d887c834afab7",
                "sha256:de08f50a22955ddec353876df7b2545994d6df08a2f45d54ac8c05e530372ca0"
            ],
            "version": "==0.6.0"
        },
        "uritemplate": {
            "hashes": [
                "sha256:07620c3f3f8eed1f12600845892b0e036a2420acf513c53f7de0abd911a5894f",
                "sha256:5af8ad10cec94f215e3f48112de2022e1d5a37ed427fbd88652fa908f2ab7cae"
            ],
            "version": "==3.0.1"
        },
        "urllib3": {
            "hashes": [
                "sha256:2f4da4594db7e1e110a944bb1b551fdf4e6c136ad42e4234131391e21eb5b0df",
                "sha256:e7b021f7241115872f92f43c6508082facffbd1c048e3c6e2bb9c2a157e28937"
            ],
            "version": "==1.26.4"
        },
        "venusian": {
            "hashes": [
                "sha256:06e7385786ad3a15c70740b2af8d30dfb063a946a851dcb4159f9e2a2302578f",
                "sha256:f6842b7242b1039c0c28f6feef29016e7e7dd3caaeb476a193acf737db31ee38"
            ],
            "version": "==3.0.0"
        },
        "webob": {
            "hashes": [
                "sha256:73aae30359291c14fa3b956f8b5ca31960e420c28c1bec002547fb04928cf89b",
                "sha256:b64ef5141be559cfade448f044fa45c2260351edcb6a8ef6b7e00c7dcef0c323"
            ],
            "version": "==1.8.7"
        },
        "zope.deprecation": {
            "hashes": [
                "sha256:0d453338f04bacf91bbfba545d8bcdf529aa829e67b705eac8c1a7fdce66e2df",
                "sha256:f1480b74995958b24ce37b0ef04d3663d2683e5d6debc96726eff18acf4ea113"
            ],
            "version": "==4.4.0"
        },
        "zope.interface": {
            "hashes": [
                "sha256:08f9636e99a9d5410181ba0729e0408d3d8748026ea938f3b970a0249daa8192",
                "sha256:0b465ae0962d49c68aa9733ba92a001b2a0933c317780435f00be7ecb959c702",
                "sha256:0cba8477e300d64a11a9789ed40ee8932b59f9ee05f85276dbb4b59acee5dd09",
                "sha256:0cee5187b60ed26d56eb2960136288ce91bcf61e2a9405660d271d1f122a69a4",
                "sha256:0ea1d73b7c9dcbc5080bb8aaffb776f1c68e807767069b9ccdd06f27a161914a",
                "sha256:0f91b5b948686659a8e28b728ff5e74b1be6bf40cb04704453617e5f1e945ef3",
                "sha256:15e7d1f7a6ee16572e21e3576d2012b2778cbacf75eb4b7400be37455f5ca8bf",
                "sha256:17776ecd3a1fdd2b2cd5373e5ef8b307162f581c693575ec62e7c5399d80794c",
                "sha256:194d0bcb1374ac3e1e023961610dc8f2c78a0f5f634d0c737691e215569e640d",
                "sha256:1c0e316c9add0db48a5b703833881351444398b04111188069a26a61cfb4df78",
                "sha256:205e40ccde0f37496904572035deea747390a8b7dc65146d30b96e2dd1359a83",
                "sha256:273f158fabc5ea33cbc936da0ab3d4ba80ede5351babc4f577d768e057651531",
                "sha256:2876246527c91e101184f63ccd1d716ec9c46519cc5f3d5375a3351c46467c46",
                "sha256:2c98384b254b37ce50eddd55db8d381a5c53b4c10ee66e1e7fe749824f894021",
                "sha256:2e5a26f16503be6c826abca904e45f1a44ff275fdb7e9d1b75c10671c26f8b94",
                "sha256:334701327f37c47fa628fc8b8d28c7d7730ce7daaf4bda1efb741679c2b087fc",
                "sha256:3748fac0d0f6a304e674955ab1365d515993b3a0a865e16a11ec9d86fb307f63",
                "sha256:3c02411a3b62668200910090a0dff17c0b25aaa36145082a5a6adf08fa281e54",
                "sha256:3dd4952748521205697bc2802e4afac5ed4b02909bb799ba1fe239f77fd4e117",
                "sha256:3f24df7124c323fceb53ff6168da70dbfbae1442b4f3da439cd441681f54fe25",
                "sha256:469e2407e0fe9880ac690a3666f03eb4c3c444411a5a5fddfdabc5d184a79f05",
                "sha256:4de4bc9b6d35c5af65b454d3e9bc98c50eb3960d5a3762c9438df57427134b8e",
                "sha256:5208ebd5152e040640518a77827bdfcc73773a15a33d6644015b763b9c9febc1",
                "sha256:52de7fc6c21b419078008f697fd4103dbc763288b1406b4562554bd47514c004",
                "sha256:5bb3489b4558e49ad2c5118137cfeaf59434f9737fa9c5deefc72d22c23822e2",
                "sha256:5dba5f530fec3f0988d83b78cc591b58c0b6eb8431a85edd1569a0539a8a5a0e",
                "sha256:5dd9ca406499444f4c8299f803d4a14edf7890ecc595c8b1c7115c2342cadc5f",
                "sha256:5f931a1c21dfa7a9c573ec1f50a31135ccce84e32507c54e1ea404894c5eb96f",
                "sha256:63b82bb63de7c821428d513607e84c6d97d58afd1fe2eb645030bdc185440120",
                "sha256:66c0061c91b3b9cf542131148ef7ecbecb2690d48d1612ec386de9d36766058f",
                "sha256:6f0c02cbb9691b7c91d5009108f975f8ffeab5dff8f26d62e21c493060eff2a1",
                "sha256:71aace0c42d53abe6fc7f726c5d3b60d90f3c5c055a447950ad6ea9cec2e37d9",
                "sha256:7d97a4306898b05404a0dcdc32d9709b7d8832c0c542b861d9a826301719794e",
                "sha256:7df1e1c05304f26faa49fa752a8c690126cf98b40b91d54e6e9cc3b7d6ffe8b7",
                "sha256:8270252effc60b9642b423189a2fe90eb6b59e87cbee54549db3f5562ff8d1b8",
                "sha256:867a5ad16892bf20e6c4ea2aab1971f45645ff3102ad29bd84c86027fa99997b",
                "sha256:877473e675fdcc113c138813a5dd440da0769a2d81f4d86614e5d62b69497155",
                "sha256:8892f89999ffd992208754851e5a052f6b5db70a1e3f7d54b17c5211e37a98c7",
                "sha256:9a9845c4c6bb56e508651f005c4aeb0404e518c6f000d5a1123ab077ab769f5c",
                "sha256:a1e6e96217a0f72e2b8629e271e1b280c6fa3fe6e59fa8f6701bec14e3354325",
                "sha256:a8156e6a7f5e2a0ff0c5b21d6bcb45145efece1909efcbbbf48c56f8da68221d",
                "sha256:a9506a7e80bcf6eacfff7f804c0ad5350c8c95b9010e4356a4b36f5322f09abb",
                "sha256:af310ec8335016b5e52cae60cda4a4f2a60a788cbb949a4fbea13d441aa5a09e",
                "sha256:b0297b1e05fd128d26cc2460c810d42e205d16d76799526dfa8c8ccd50e74959",
                "sha256:bf68f4b2b6683e52bec69273562df15af352e5ed25d1b6641e7efddc5951d1a7",
                "sha256:d0c1bc2fa9a7285719e5678584f6b92572a5b639d0e471bb8d4b650a1a910920",
                "sha256:d4d9d6c1a455d4babd320203b918ccc7fcbefe308615c521062bc2ba1aa4d26e",
                "sha256:db1fa631737dab9fa0b37f3979d8d2631e348c3b4e8325d6873c2541d0ae5a48",
                "sha256:dd93ea5c0c7f3e25335ab7d22a507b1dc43976e1345508f845efc573d3d779d8",
                "sha256:f44e517131a98f7a76696a7b21b164bcb85291cee106a23beccce454e1f433a4",
                "sha256:f7ee479e96f7ee350db1cf24afa5685a5899e2b34992fb99e1f7c1b0b758d263"
            ],
            "version": "==5.4.0"
        }
    },
    "develop": {}
}
